// !$*UTF8*$!
{
	archiveVersion = 1;
	classes = {
	};
	objectVersion = 46;
	objects = {

/* Begin PBXBuildFile section */
		49358F1E19E2EF2700BB3686 /* XASBaseObject.m in Sources */ = {isa = PBXBuildFile; fileRef = 49358F1D19E2EF2700BB3686 /* XASBaseObject.m */; };
		49358F1F19E2EF2700BB3686 /* XASBaseObject.m in Sources */ = {isa = PBXBuildFile; fileRef = 49358F1D19E2EF2700BB3686 /* XASBaseObject.m */; };
		49358F2219E2FA4F00BB3686 /* XASCollectionsTableViewController.m in Sources */ = {isa = PBXBuildFile; fileRef = 49358F2119E2FA4F00BB3686 /* XASCollectionsTableViewController.m */; };
		49358F2319E2FA4F00BB3686 /* XASCollectionsTableViewController.m in Sources */ = {isa = PBXBuildFile; fileRef = 49358F2119E2FA4F00BB3686 /* XASCollectionsTableViewController.m */; };
		49358F2619E2FD9400BB3686 /* XASCollectionTableViewController.m in Sources */ = {isa = PBXBuildFile; fileRef = 49358F2519E2FD9400BB3686 /* XASCollectionTableViewController.m */; };
		49358F2719E2FD9400BB3686 /* XASCollectionTableViewController.m in Sources */ = {isa = PBXBuildFile; fileRef = 49358F2519E2FD9400BB3686 /* XASCollectionTableViewController.m */; };
		49358F2A19E3048900BB3686 /* XASOpportunity.m in Sources */ = {isa = PBXBuildFile; fileRef = 49358F2919E3048900BB3686 /* XASOpportunity.m */; };
		49358F2B19E3048900BB3686 /* XASOpportunity.m in Sources */ = {isa = PBXBuildFile; fileRef = 49358F2919E3048900BB3686 /* XASOpportunity.m */; };
		494682E919E29C4800437B63 /* main.m in Sources */ = {isa = PBXBuildFile; fileRef = 494682E819E29C4800437B63 /* main.m */; };
		494682EC19E29C4800437B63 /* AppDelegate.m in Sources */ = {isa = PBXBuildFile; fileRef = 494682EB19E29C4800437B63 /* AppDelegate.m */; };
		494682EF19E29C4800437B63 /* ActiveSports.xcdatamodeld in Sources */ = {isa = PBXBuildFile; fileRef = 494682ED19E29C4800437B63 /* ActiveSports.xcdatamodeld */; };
		494682F219E29C4800437B63 /* ViewController.m in Sources */ = {isa = PBXBuildFile; fileRef = 494682F119E29C4800437B63 /* ViewController.m */; };
		494682F519E29C4800437B63 /* Main.storyboard in Resources */ = {isa = PBXBuildFile; fileRef = 494682F319E29C4800437B63 /* Main.storyboard */; };
		494682F719E29C4800437B63 /* Images.xcassets in Resources */ = {isa = PBXBuildFile; fileRef = 494682F619E29C4800437B63 /* Images.xcassets */; };
		494682FA19E29C4800437B63 /* LaunchScreen.xib in Resources */ = {isa = PBXBuildFile; fileRef = 494682F819E29C4800437B63 /* LaunchScreen.xib */; };
		4946830619E29C4800437B63 /* ActiveSportsTests.m in Sources */ = {isa = PBXBuildFile; fileRef = 4946830519E29C4800437B63 /* ActiveSportsTests.m */; };
		4946831119E29D6D00437B63 /* XASRegion.m in Sources */ = {isa = PBXBuildFile; fileRef = 4946831019E29D6D00437B63 /* XASRegion.m */; };
		4946831219E29D6D00437B63 /* XASRegion.m in Sources */ = {isa = PBXBuildFile; fileRef = 4946831019E29D6D00437B63 /* XASRegion.m */; };
		4946831519E29E9C00437B63 /* XASConnector.m in Sources */ = {isa = PBXBuildFile; fileRef = 4946831419E29E9C00437B63 /* XASConnector.m */; };
		4946831619E29E9C00437B63 /* XASConnector.m in Sources */ = {isa = PBXBuildFile; fileRef = 4946831419E29E9C00437B63 /* XASConnector.m */; };
		4946831919E2A38C00437B63 /* XASVenue.m in Sources */ = {isa = PBXBuildFile; fileRef = 4946831819E2A38C00437B63 /* XASVenue.m */; };
		4946831A19E2A38C00437B63 /* XASVenue.m in Sources */ = {isa = PBXBuildFile; fileRef = 4946831819E2A38C00437B63 /* XASVenue.m */; };
		497CA73819F2E557003F5F0A /* XASOpportunitiesTableViewController.m in Sources */ = {isa = PBXBuildFile; fileRef = 497CA73719F2E557003F5F0A /* XASOpportunitiesTableViewController.m */; };
		497CA73919F2E557003F5F0A /* XASOpportunitiesTableViewController.m in Sources */ = {isa = PBXBuildFile; fileRef = 497CA73719F2E557003F5F0A /* XASOpportunitiesTableViewController.m */; };
		497CA73C19F2EC43003F5F0A /* XASOpportunityTableViewCell.m in Sources */ = {isa = PBXBuildFile; fileRef = 497CA73B19F2EC43003F5F0A /* XASOpportunityTableViewCell.m */; };
		497CA73D19F2EC43003F5F0A /* XASOpportunityTableViewCell.m in Sources */ = {isa = PBXBuildFile; fileRef = 497CA73B19F2EC43003F5F0A /* XASOpportunityTableViewCell.m */; };
		497CA74019F3B914003F5F0A /* XASOpportunityDetailsViewController.m in Sources */ = {isa = PBXBuildFile; fileRef = 497CA73F19F3B914003F5F0A /* XASOpportunityDetailsViewController.m */; };
		497CA74119F3B914003F5F0A /* XASOpportunityDetailsViewController.m in Sources */ = {isa = PBXBuildFile; fileRef = 497CA73F19F3B914003F5F0A /* XASOpportunityDetailsViewController.m */; };
		497CA74319F3CA0E003F5F0A /* MapKit.framework in Frameworks */ = {isa = PBXBuildFile; fileRef = 497CA74219F3CA0E003F5F0A /* MapKit.framework */; };
/* End PBXBuildFile section */

/* Begin PBXContainerItemProxy section */
		4946830019E29C4800437B63 /* PBXContainerItemProxy */ = {
			isa = PBXContainerItemProxy;
			containerPortal = 494682DB19E29C4800437B63 /* Project object */;
			proxyType = 1;
			remoteGlobalIDString = 494682E219E29C4800437B63;
			remoteInfo = ActiveSports;
		};
/* End PBXContainerItemProxy section */

/* Begin PBXFileReference section */
		49358F1C19E2EF2700BB3686 /* XASBaseObject.h */ = {isa = PBXFileReference; fileEncoding = 4; lastKnownFileType = sourcecode.c.h; path = XASBaseObject.h; sourceTree = "<group>"; };
		49358F1D19E2EF2700BB3686 /* XASBaseObject.m */ = {isa = PBXFileReference; fileEncoding = 4; lastKnownFileType = sourcecode.c.objc; path = XASBaseObject.m; sourceTree = "<group>"; };
		49358F2019E2FA4F00BB3686 /* XASCollectionsTableViewController.h */ = {isa = PBXFileReference; fileEncoding = 4; lastKnownFileType = sourcecode.c.h; path = XASCollectionsTableViewController.h; sourceTree = "<group>"; };
		49358F2119E2FA4F00BB3686 /* XASCollectionsTableViewController.m */ = {isa = PBXFileReference; fileEncoding = 4; lastKnownFileType = sourcecode.c.objc; path = XASCollectionsTableViewController.m; sourceTree = "<group>"; };
		49358F2419E2FD9400BB3686 /* XASCollectionTableViewController.h */ = {isa = PBXFileReference; fileEncoding = 4; lastKnownFileType = sourcecode.c.h; path = XASCollectionTableViewController.h; sourceTree = "<group>"; };
		49358F2519E2FD9400BB3686 /* XASCollectionTableViewController.m */ = {isa = PBXFileReference; fileEncoding = 4; lastKnownFileType = sourcecode.c.objc; path = XASCollectionTableViewController.m; sourceTree = "<group>"; };
		49358F2819E3048900BB3686 /* XASOpportunity.h */ = {isa = PBXFileReference; fileEncoding = 4; lastKnownFileType = sourcecode.c.h; path = XASOpportunity.h; sourceTree = "<group>"; };
		49358F2919E3048900BB3686 /* XASOpportunity.m */ = {isa = PBXFileReference; fileEncoding = 4; lastKnownFileType = sourcecode.c.objc; path = XASOpportunity.m; sourceTree = "<group>"; };
		494682E319E29C4800437B63 /* ActiveSports.app */ = {isa = PBXFileReference; explicitFileType = wrapper.application; includeInIndex = 0; path = ActiveSports.app; sourceTree = BUILT_PRODUCTS_DIR; };
		494682E719E29C4800437B63 /* Info.plist */ = {isa = PBXFileReference; lastKnownFileType = text.plist.xml; path = Info.plist; sourceTree = "<group>"; };
		494682E819E29C4800437B63 /* main.m */ = {isa = PBXFileReference; lastKnownFileType = sourcecode.c.objc; path = main.m; sourceTree = "<group>"; };
		494682EA19E29C4800437B63 /* AppDelegate.h */ = {isa = PBXFileReference; lastKnownFileType = sourcecode.c.h; path = AppDelegate.h; sourceTree = "<group>"; };
		494682EB19E29C4800437B63 /* AppDelegate.m */ = {isa = PBXFileReference; lastKnownFileType = sourcecode.c.objc; path = AppDelegate.m; sourceTree = "<group>"; };
		494682EE19E29C4800437B63 /* ActiveSports.xcdatamodel */ = {isa = PBXFileReference; lastKnownFileType = wrapper.xcdatamodel; path = ActiveSports.xcdatamodel; sourceTree = "<group>"; };
		494682F019E29C4800437B63 /* ViewController.h */ = {isa = PBXFileReference; lastKnownFileType = sourcecode.c.h; path = ViewController.h; sourceTree = "<group>"; };
		494682F119E29C4800437B63 /* ViewController.m */ = {isa = PBXFileReference; lastKnownFileType = sourcecode.c.objc; path = ViewController.m; sourceTree = "<group>"; };
		494682F419E29C4800437B63 /* Base */ = {isa = PBXFileReference; lastKnownFileType = file.storyboard; name = Base; path = Base.lproj/Main.storyboard; sourceTree = "<group>"; };
		494682F619E29C4800437B63 /* Images.xcassets */ = {isa = PBXFileReference; lastKnownFileType = folder.assetcatalog; path = Images.xcassets; sourceTree = "<group>"; };
		494682F919E29C4800437B63 /* Base */ = {isa = PBXFileReference; lastKnownFileType = file.xib; name = Base; path = Base.lproj/LaunchScreen.xib; sourceTree = "<group>"; };
		494682FF19E29C4800437B63 /* ActiveSportsTests.xctest */ = {isa = PBXFileReference; explicitFileType = wrapper.cfbundle; includeInIndex = 0; path = ActiveSportsTests.xctest; sourceTree = BUILT_PRODUCTS_DIR; };
		4946830419E29C4800437B63 /* Info.plist */ = {isa = PBXFileReference; lastKnownFileType = text.plist.xml; path = Info.plist; sourceTree = "<group>"; };
		4946830519E29C4800437B63 /* ActiveSportsTests.m */ = {isa = PBXFileReference; lastKnownFileType = sourcecode.c.objc; path = ActiveSportsTests.m; sourceTree = "<group>"; };
		4946830F19E29D6D00437B63 /* XASRegion.h */ = {isa = PBXFileReference; fileEncoding = 4; lastKnownFileType = sourcecode.c.h; path = XASRegion.h; sourceTree = "<group>"; };
		4946831019E29D6D00437B63 /* XASRegion.m */ = {isa = PBXFileReference; fileEncoding = 4; lastKnownFileType = sourcecode.c.objc; path = XASRegion.m; sourceTree = "<group>"; };
		4946831319E29E9C00437B63 /* XASConnector.h */ = {isa = PBXFileReference; fileEncoding = 4; lastKnownFileType = sourcecode.c.h; path = XASConnector.h; sourceTree = "<group>"; };
		4946831419E29E9C00437B63 /* XASConnector.m */ = {isa = PBXFileReference; fileEncoding = 4; lastKnownFileType = sourcecode.c.objc; path = XASConnector.m; sourceTree = "<group>"; };
		4946831719E2A38C00437B63 /* XASVenue.h */ = {isa = PBXFileReference; fileEncoding = 4; lastKnownFileType = sourcecode.c.h; path = XASVenue.h; sourceTree = "<group>"; };
		4946831819E2A38C00437B63 /* XASVenue.m */ = {isa = PBXFileReference; fileEncoding = 4; lastKnownFileType = sourcecode.c.objc; path = XASVenue.m; sourceTree = "<group>"; };
		497CA73619F2E557003F5F0A /* XASOpportunitiesTableViewController.h */ = {isa = PBXFileReference; fileEncoding = 4; lastKnownFileType = sourcecode.c.h; path = XASOpportunitiesTableViewController.h; sourceTree = "<group>"; };
		497CA73719F2E557003F5F0A /* XASOpportunitiesTableViewController.m */ = {isa = PBXFileReference; fileEncoding = 4; lastKnownFileType = sourcecode.c.objc; path = XASOpportunitiesTableViewController.m; sourceTree = "<group>"; };
		497CA73A19F2EC43003F5F0A /* XASOpportunityTableViewCell.h */ = {isa = PBXFileReference; fileEncoding = 4; lastKnownFileType = sourcecode.c.h; path = XASOpportunityTableViewCell.h; sourceTree = "<group>"; };
		497CA73B19F2EC43003F5F0A /* XASOpportunityTableViewCell.m */ = {isa = PBXFileReference; fileEncoding = 4; lastKnownFileType = sourcecode.c.objc; path = XASOpportunityTableViewCell.m; sourceTree = "<group>"; };
		497CA73E19F3B914003F5F0A /* XASOpportunityDetailsViewController.h */ = {isa = PBXFileReference; fileEncoding = 4; lastKnownFileType = sourcecode.c.h; path = XASOpportunityDetailsViewController.h; sourceTree = "<group>"; };
		497CA73F19F3B914003F5F0A /* XASOpportunityDetailsViewController.m */ = {isa = PBXFileReference; fileEncoding = 4; lastKnownFileType = sourcecode.c.objc; path = XASOpportunityDetailsViewController.m; sourceTree = "<group>"; };
		497CA74219F3CA0E003F5F0A /* MapKit.framework */ = {isa = PBXFileReference; lastKnownFileType = wrapper.framework; name = MapKit.framework; path = System/Library/Frameworks/MapKit.framework; sourceTree = SDKROOT; };
/* End PBXFileReference section */

/* Begin PBXFrameworksBuildPhase section */
		494682E019E29C4800437B63 /* Frameworks */ = {
			isa = PBXFrameworksBuildPhase;
			buildActionMask = 2147483647;
			files = (
				497CA74319F3CA0E003F5F0A /* MapKit.framework in Frameworks */,
			);
			runOnlyForDeploymentPostprocessing = 0;
		};
		494682FC19E29C4800437B63 /* Frameworks */ = {
			isa = PBXFrameworksBuildPhase;
			buildActionMask = 2147483647;
			files = (
			);
			runOnlyForDeploymentPostprocessing = 0;
		};
/* End PBXFrameworksBuildPhase section */

/* Begin PBXGroup section */
		494682DA19E29C4800437B63 = {
			isa = PBXGroup;
			children = (
				497CA74219F3CA0E003F5F0A /* MapKit.framework */,
				494682E519E29C4800437B63 /* ActiveSports */,
				4946830219E29C4800437B63 /* ActiveSportsTests */,
				494682E419E29C4800437B63 /* Products */,
			);
			sourceTree = "<group>";
		};
		494682E419E29C4800437B63 /* Products */ = {
			isa = PBXGroup;
			children = (
				494682E319E29C4800437B63 /* ActiveSports.app */,
				494682FF19E29C4800437B63 /* ActiveSportsTests.xctest */,
			);
			name = Products;
			sourceTree = "<group>";
		};
		494682E519E29C4800437B63 /* ActiveSports */ = {
			isa = PBXGroup;
			children = (
				494682EA19E29C4800437B63 /* AppDelegate.h */,
				494682EB19E29C4800437B63 /* AppDelegate.m */,
				494682F019E29C4800437B63 /* ViewController.h */,
				494682F119E29C4800437B63 /* ViewController.m */,
				494682F319E29C4800437B63 /* Main.storyboard */,
				494682F619E29C4800437B63 /* Images.xcassets */,
				494682F819E29C4800437B63 /* LaunchScreen.xib */,
				494682ED19E29C4800437B63 /* ActiveSports.xcdatamodeld */,
				494682E619E29C4800437B63 /* Supporting Files */,
				4946831319E29E9C00437B63 /* XASConnector.h */,
				4946831419E29E9C00437B63 /* XASConnector.m */,
				49358F1C19E2EF2700BB3686 /* XASBaseObject.h */,
				49358F1D19E2EF2700BB3686 /* XASBaseObject.m */,
				4946830F19E29D6D00437B63 /* XASRegion.h */,
				4946831019E29D6D00437B63 /* XASRegion.m */,
				4946831719E2A38C00437B63 /* XASVenue.h */,
				4946831819E2A38C00437B63 /* XASVenue.m */,
				49358F2819E3048900BB3686 /* XASOpportunity.h */,
				49358F2919E3048900BB3686 /* XASOpportunity.m */,
				49358F2019E2FA4F00BB3686 /* XASCollectionsTableViewController.h */,
				49358F2119E2FA4F00BB3686 /* XASCollectionsTableViewController.m */,
				49358F2419E2FD9400BB3686 /* XASCollectionTableViewController.h */,
				49358F2519E2FD9400BB3686 /* XASCollectionTableViewController.m */,
				497CA73619F2E557003F5F0A /* XASOpportunitiesTableViewController.h */,
				497CA73719F2E557003F5F0A /* XASOpportunitiesTableViewController.m */,
				497CA73A19F2EC43003F5F0A /* XASOpportunityTableViewCell.h */,
				497CA73B19F2EC43003F5F0A /* XASOpportunityTableViewCell.m */,
				497CA73E19F3B914003F5F0A /* XASOpportunityDetailsViewController.h */,
				497CA73F19F3B914003F5F0A /* XASOpportunityDetailsViewController.m */,
			);
			path = ActiveSports;
			sourceTree = "<group>";
		};
		494682E619E29C4800437B63 /* Supporting Files */ = {
			isa = PBXGroup;
			children = (
				494682E719E29C4800437B63 /* Info.plist */,
				494682E819E29C4800437B63 /* main.m */,
			);
			name = "Supporting Files";
			sourceTree = "<group>";
		};
		4946830219E29C4800437B63 /* ActiveSportsTests */ = {
			isa = PBXGroup;
			children = (
				4946830519E29C4800437B63 /* ActiveSportsTests.m */,
				4946830319E29C4800437B63 /* Supporting Files */,
			);
			path = ActiveSportsTests;
			sourceTree = "<group>";
		};
		4946830319E29C4800437B63 /* Supporting Files */ = {
			isa = PBXGroup;
			children = (
				4946830419E29C4800437B63 /* Info.plist */,
			);
			name = "Supporting Files";
			sourceTree = "<group>";
		};
/* End PBXGroup section */

/* Begin PBXNativeTarget section */
		494682E219E29C4800437B63 /* ActiveSports */ = {
			isa = PBXNativeTarget;
			buildConfigurationList = 4946830919E29C4800437B63 /* Build configuration list for PBXNativeTarget "ActiveSports" */;
			buildPhases = (
				494682DF19E29C4800437B63 /* Sources */,
				494682E019E29C4800437B63 /* Frameworks */,
				494682E119E29C4800437B63 /* Resources */,
			);
			buildRules = (
			);
			dependencies = (
			);
			name = ActiveSports;
			productName = ActiveSports;
			productReference = 494682E319E29C4800437B63 /* ActiveSports.app */;
			productType = "com.apple.product-type.application";
		};
		494682FE19E29C4800437B63 /* ActiveSportsTests */ = {
			isa = PBXNativeTarget;
			buildConfigurationList = 4946830C19E29C4800437B63 /* Build configuration list for PBXNativeTarget "ActiveSportsTests" */;
			buildPhases = (
				494682FB19E29C4800437B63 /* Sources */,
				494682FC19E29C4800437B63 /* Frameworks */,
				494682FD19E29C4800437B63 /* Resources */,
			);
			buildRules = (
			);
			dependencies = (
				4946830119E29C4800437B63 /* PBXTargetDependency */,
			);
			name = ActiveSportsTests;
			productName = ActiveSportsTests;
			productReference = 494682FF19E29C4800437B63 /* ActiveSportsTests.xctest */;
			productType = "com.apple.product-type.bundle.unit-test";
		};
/* End PBXNativeTarget section */

/* Begin PBXProject section */
		494682DB19E29C4800437B63 /* Project object */ = {
			isa = PBXProject;
			attributes = {
				LastUpgradeCheck = 0600;
				ORGANIZATIONNAME = Xoverto;
				TargetAttributes = {
					494682E219E29C4800437B63 = {
						CreatedOnToolsVersion = 6.0.1;
					};
					494682FE19E29C4800437B63 = {
						CreatedOnToolsVersion = 6.0.1;
						TestTargetID = 494682E219E29C4800437B63;
					};
				};
			};
			buildConfigurationList = 494682DE19E29C4800437B63 /* Build configuration list for PBXProject "ActiveSports" */;
			compatibilityVersion = "Xcode 3.2";
			developmentRegion = English;
			hasScannedForEncodings = 0;
			knownRegions = (
				en,
				Base,
			);
			mainGroup = 494682DA19E29C4800437B63;
			productRefGroup = 494682E419E29C4800437B63 /* Products */;
			projectDirPath = "";
			projectRoot = "";
			targets = (
				494682E219E29C4800437B63 /* ActiveSports */,
				494682FE19E29C4800437B63 /* ActiveSportsTests */,
			);
		};
/* End PBXProject section */

/* Begin PBXResourcesBuildPhase section */
		494682E119E29C4800437B63 /* Resources */ = {
			isa = PBXResourcesBuildPhase;
			buildActionMask = 2147483647;
			files = (
				494682F519E29C4800437B63 /* Main.storyboard in Resources */,
				494682FA19E29C4800437B63 /* LaunchScreen.xib in Resources */,
				494682F719E29C4800437B63 /* Images.xcassets in Resources */,
			);
			runOnlyForDeploymentPostprocessing = 0;
		};
		494682FD19E29C4800437B63 /* Resources */ = {
			isa = PBXResourcesBuildPhase;
			buildActionMask = 2147483647;
			files = (
			);
			runOnlyForDeploymentPostprocessing = 0;
		};
/* End PBXResourcesBuildPhase section */

/* Begin PBXSourcesBuildPhase section */
		494682DF19E29C4800437B63 /* Sources */ = {
			isa = PBXSourcesBuildPhase;
			buildActionMask = 2147483647;
			files = (
				49358F2619E2FD9400BB3686 /* XASCollectionTableViewController.m in Sources */,
				49358F2219E2FA4F00BB3686 /* XASCollectionsTableViewController.m in Sources */,
				49358F1E19E2EF2700BB3686 /* XASBaseObject.m in Sources */,
				49358F2A19E3048900BB3686 /* XASOpportunity.m in Sources */,
				494682EC19E29C4800437B63 /* AppDelegate.m in Sources */,
				494682E919E29C4800437B63 /* main.m in Sources */,
				494682F219E29C4800437B63 /* ViewController.m in Sources */,
				494682EF19E29C4800437B63 /* ActiveSports.xcdatamodeld in Sources */,
				497CA73819F2E557003F5F0A /* XASOpportunitiesTableViewController.m in Sources */,
				497CA73C19F2EC43003F5F0A /* XASOpportunityTableViewCell.m in Sources */,
				4946831919E2A38C00437B63 /* XASVenue.m in Sources */,
				4946831519E29E9C00437B63 /* XASConnector.m in Sources */,
				497CA74019F3B914003F5F0A /* XASOpportunityDetailsViewController.m in Sources */,
				4946831119E29D6D00437B63 /* XASRegion.m in Sources */,
			);
			runOnlyForDeploymentPostprocessing = 0;
		};
		494682FB19E29C4800437B63 /* Sources */ = {
			isa = PBXSourcesBuildPhase;
			buildActionMask = 2147483647;
			files = (
				49358F2319E2FA4F00BB3686 /* XASCollectionsTableViewController.m in Sources */,
				49358F1F19E2EF2700BB3686 /* XASBaseObject.m in Sources */,
				4946831A19E2A38C00437B63 /* XASVenue.m in Sources */,
				4946831219E29D6D00437B63 /* XASRegion.m in Sources */,
				49358F2B19E3048900BB3686 /* XASOpportunity.m in Sources */,
				4946831619E29E9C00437B63 /* XASConnector.m in Sources */,
				49358F2719E2FD9400BB3686 /* XASCollectionTableViewController.m in Sources */,
				4946830619E29C4800437B63 /* ActiveSportsTests.m in Sources */,
				497CA73D19F2EC43003F5F0A /* XASOpportunityTableViewCell.m in Sources */,
				497CA74119F3B914003F5F0A /* XASOpportunityDetailsViewController.m in Sources */,
				497CA73919F2E557003F5F0A /* XASOpportunitiesTableViewController.m in Sources */,
			);
			runOnlyForDeploymentPostprocessing = 0;
		};
/* End PBXSourcesBuildPhase section */

/* Begin PBXTargetDependency section */
		4946830119E29C4800437B63 /* PBXTargetDependency */ = {
			isa = PBXTargetDependency;
			target = 494682E219E29C4800437B63 /* ActiveSports */;
			targetProxy = 4946830019E29C4800437B63 /* PBXContainerItemProxy */;
		};
/* End PBXTargetDependency section */

/* Begin PBXVariantGroup section */
		494682F319E29C4800437B63 /* Main.storyboard */ = {
			isa = PBXVariantGroup;
			children = (
				494682F419E29C4800437B63 /* Base */,
			);
			name = Main.storyboard;
			sourceTree = "<group>";
		};
		494682F819E29C4800437B63 /* LaunchScreen.xib */ = {
			isa = PBXVariantGroup;
			children = (
				494682F919E29C4800437B63 /* Base */,
			);
			name = LaunchScreen.xib;
			sourceTree = "<group>";
		};
/* End PBXVariantGroup section */

/* Begin XCBuildConfiguration section */
		4946830719E29C4800437B63 /* Debug */ = {
			isa = XCBuildConfiguration;
			buildSettings = {
				ALWAYS_SEARCH_USER_PATHS = NO;
				CLANG_CXX_LANGUAGE_STANDARD = "gnu++0x";
				CLANG_CXX_LIBRARY = "libc++";
				CLANG_ENABLE_MODULES = YES;
				CLANG_ENABLE_OBJC_ARC = YES;
				CLANG_WARN_BOOL_CONVERSION = YES;
				CLANG_WARN_CONSTANT_CONVERSION = YES;
				CLANG_WARN_DIRECT_OBJC_ISA_USAGE = YES_ERROR;
				CLANG_WARN_EMPTY_BODY = YES;
				CLANG_WARN_ENUM_CONVERSION = YES;
				CLANG_WARN_INT_CONVERSION = YES;
				CLANG_WARN_OBJC_ROOT_CLASS = YES_ERROR;
				CLANG_WARN_UNREACHABLE_CODE = YES;
				CLANG_WARN__DUPLICATE_METHOD_MATCH = YES;
				"CODE_SIGN_IDENTITY[sdk=iphoneos*]" = "iPhone Developer";
				COPY_PHASE_STRIP = NO;
				ENABLE_STRICT_OBJC_MSGSEND = YES;
				GCC_C_LANGUAGE_STANDARD = gnu99;
				GCC_DYNAMIC_NO_PIC = NO;
				GCC_OPTIMIZATION_LEVEL = 0;
				GCC_PREPROCESSOR_DEFINITIONS = (
					"DEBUG=1",
					"$(inherited)",
				);
				GCC_SYMBOLS_PRIVATE_EXTERN = NO;
				GCC_WARN_64_TO_32_BIT_CONVERSION = YES;
				GCC_WARN_ABOUT_RETURN_TYPE = YES_ERROR;
				GCC_WARN_UNDECLARED_SELECTOR = YES;
				GCC_WARN_UNINITIALIZED_AUTOS = YES_AGGRESSIVE;
				GCC_WARN_UNUSED_FUNCTION = YES;
				GCC_WARN_UNUSED_VARIABLE = YES;
				IPHONEOS_DEPLOYMENT_TARGET = 8.0;
				MTL_ENABLE_DEBUG_INFO = YES;
				ONLY_ACTIVE_ARCH = YES;
				SDKROOT = iphoneos;
			};
			name = Debug;
		};
		4946830819E29C4800437B63 /* Release */ = {
			isa = XCBuildConfiguration;
			buildSettings = {
				ALWAYS_SEARCH_USER_PATHS = NO;
				CLANG_CXX_LANGUAGE_STANDARD = "gnu++0x";
				CLANG_CXX_LIBRARY = "libc++";
				CLANG_ENABLE_MODULES = YES;
				CLANG_ENABLE_OBJC_ARC = YES;
				CLANG_WARN_BOOL_CONVERSION = YES;
				CLANG_WARN_CONSTANT_CONVERSION = YES;
				CLANG_WARN_DIRECT_OBJC_ISA_USAGE = YES_ERROR;
				CLANG_WARN_EMPTY_BODY = YES;
				CLANG_WARN_ENUM_CONVERSION = YES;
				CLANG_WARN_INT_CONVERSION = YES;
				CLANG_WARN_OBJC_ROOT_CLASS = YES_ERROR;
				CLANG_WARN_UNREACHABLE_CODE = YES;
				CLANG_WARN__DUPLICATE_METHOD_MATCH = YES;
				"CODE_SIGN_IDENTITY[sdk=iphoneos*]" = "iPhone Developer";
				COPY_PHASE_STRIP = YES;
				ENABLE_NS_ASSERTIONS = NO;
				ENABLE_STRICT_OBJC_MSGSEND = YES;
				GCC_C_LANGUAGE_STANDARD = gnu99;
				GCC_WARN_64_TO_32_BIT_CONVERSION = YES;
				GCC_WARN_ABOUT_RETURN_TYPE = YES_ERROR;
				GCC_WARN_UNDECLARED_SELECTOR = YES;
				GCC_WARN_UNINITIALIZED_AUTOS = YES_AGGRESSIVE;
				GCC_WARN_UNUSED_FUNCTION = YES;
				GCC_WARN_UNUSED_VARIABLE = YES;
				IPHONEOS_DEPLOYMENT_TARGET = 8.0;
				MTL_ENABLE_DEBUG_INFO = NO;
				SDKROOT = iphoneos;
				VALIDATE_PRODUCT = YES;
			};
			name = Release;
		};
		4946830A19E29C4800437B63 /* Debug */ = {
			isa = XCBuildConfiguration;
			buildSettings = {
				ASSETCATALOG_COMPILER_APPICON_NAME = AppIcon;
				INFOPLIST_FILE = ActiveSports/Info.plist;
				IPHONEOS_DEPLOYMENT_TARGET = 7.1;
				LD_RUNPATH_SEARCH_PATHS = "$(inherited) @executable_path/Frameworks";
				PRODUCT_NAME = "$(TARGET_NAME)";
			};
			name = Debug;
		};
		4946830B19E29C4800437B63 /* Release */ = {
			isa = XCBuildConfiguration;
			buildSettings = {
				ASSETCATALOG_COMPILER_APPICON_NAME = AppIcon;
				INFOPLIST_FILE = ActiveSports/Info.plist;
				IPHONEOS_DEPLOYMENT_TARGET = 7.1;
				LD_RUNPATH_SEARCH_PATHS = "$(inherited) @executable_path/Frameworks";
				PRODUCT_NAME = "$(TARGET_NAME)";
			};
			name = Release;
		};
		4946830D19E29C4800437B63 /* Debug */ = {
			isa = XCBuildConfiguration;
			buildSettings = {
				BUNDLE_LOADER = "$(TEST_HOST)";
				FRAMEWORK_SEARCH_PATHS = (
					"$(SDKROOT)/Developer/Library/Frameworks",
					"$(inherited)",
				);
				GCC_PREPROCESSOR_DEFINITIONS = (
					"DEBUG=1",
					"$(inherited)",
				);
				INFOPLIST_FILE = ActiveSportsTests/Info.plist;
				LD_RUNPATH_SEARCH_PATHS = "$(inherited) @executable_path/Frameworks @loader_path/Frameworks";
				PRODUCT_NAME = "$(TARGET_NAME)";
				TEST_HOST = "$(BUILT_PRODUCTS_DIR)/ActiveSports.app/ActiveSports";
			};
			name = Debug;
		};
		4946830E19E29C4800437B63 /* Release */ = {
			isa = XCBuildConfiguration;
			buildSettings = {
				BUNDLE_LOADER = "$(TEST_HOST)";
				FRAMEWORK_SEARCH_PATHS = (
					"$(SDKROOT)/Developer/Library/Frameworks",
					"$(inherited)",
				);
				INFOPLIST_FILE = ActiveSportsTests/Info.plist;
				LD_RUNPATH_SEARCH_PATHS = "$(inherited) @executable_path/Frameworks @loader_path/Frameworks";
				PRODUCT_NAME = "$(TARGET_NAME)";
				TEST_HOST = "$(BUILT_PRODUCTS_DIR)/ActiveSports.app/ActiveSports";
			};
			name = Release;
		};
/* End XCBuildConfiguration section */

/* Begin XCConfigurationList section */
		494682DE19E29C4800437B63 /* Build configuration list for PBXProject "ActiveSports" */ = {
			isa = XCConfigurationList;
			buildConfigurations = (
				4946830719E29C4800437B63 /* Debug */,
				4946830819E29C4800437B63 /* Release */,
			);
			defaultConfigurationIsVisible = 0;
			defaultConfigurationName = Release;
		};
		4946830919E29C4800437B63 /* Build configuration list for PBXNativeTarget "ActiveSports" */ = {
			isa = XCConfigurationList;
			buildConfigurations = (
				4946830A19E29C4800437B63 /* Debug */,
				4946830B19E29C4800437B63 /* Release */,
			);
			defaultConfigurationIsVisible = 0;
			defaultConfigurationName = Release;
		};
		4946830C19E29C4800437B63 /* Build configuration list for PBXNativeTarget "ActiveSportsTests" */ = {
			isa = XCConfigurationList;
			buildConfigurations = (
				4946830D19E29C4800437B63 /* Debug */,
				4946830E19E29C4800437B63 /* Release */,
			);
			defaultConfigurationIsVisible = 0;
			defaultConfigurationName = Release;
		};
/* End XCConfigurationList section */

/* Begin XCVersionGroup section */
		494682ED19E29C4800437B63 /* ActiveSports.xcdatamodeld */ = {
			isa = XCVersionGroup;
			children = (
				494682EE19E29C4800437B63 /* ActiveSports.xcdatamodel */,
			);
			currentVersion = 494682EE19E29C4800437B63 /* ActiveSports.xcdatamodel */;
			path = ActiveSports.xcdatamodeld;
			sourceTree = "<group>";
			versionGroupType = wrapper.xcdatamodel;
		};
/* End XCVersionGroup section */
	};
	rootObject = 494682DB19E29C4800437B63 /* Project object */;
}
