// !$*UTF8*$!
{
	archiveVersion = 1;
	classes = {
	};
	objectVersion = 46;
	objects = {

/* Begin PBXBuildFile section */
		4903B86D1A9B9F5D006E6FE8 /* XASVenueTableViewCell.m in Sources */ = {isa = PBXBuildFile; fileRef = 4903B86C1A9B9F5D006E6FE8 /* XASVenueTableViewCell.m */; };
		4903B86E1A9B9F5D006E6FE8 /* XASVenueTableViewCell.m in Sources */ = {isa = PBXBuildFile; fileRef = 4903B86C1A9B9F5D006E6FE8 /* XASVenueTableViewCell.m */; };
		49081A941A05500D00941AC1 /* XASOpportunityViewController.m in Sources */ = {isa = PBXBuildFile; fileRef = 49081A931A05500D00941AC1 /* XASOpportunityViewController.m */; };
		49081A951A05500D00941AC1 /* XASOpportunityViewController.m in Sources */ = {isa = PBXBuildFile; fileRef = 49081A931A05500D00941AC1 /* XASOpportunityViewController.m */; };
		49092D8019FD299D0037ACCD /* XASProfileTableViewController.m in Sources */ = {isa = PBXBuildFile; fileRef = 49092D7F19FD299D0037ACCD /* XASProfileTableViewController.m */; };
		49092D8119FD299D0037ACCD /* XASProfileTableViewController.m in Sources */ = {isa = PBXBuildFile; fileRef = 49092D7F19FD299D0037ACCD /* XASProfileTableViewController.m */; };
		49236E411A4B3F4100936449 /* XASPreferenceTableViewCell.m in Sources */ = {isa = PBXBuildFile; fileRef = 49236E401A4B3F4100936449 /* XASPreferenceTableViewCell.m */; };
		49236E421A4B3F4100936449 /* XASPreferenceTableViewCell.m in Sources */ = {isa = PBXBuildFile; fileRef = 49236E401A4B3F4100936449 /* XASPreferenceTableViewCell.m */; };
		4926E99C1A2F52A9006CEEE4 /* XASVenueAnnotation.m in Sources */ = {isa = PBXBuildFile; fileRef = 4926E99B1A2F52A9006CEEE4 /* XASVenueAnnotation.m */; };
		4926E99D1A2F52A9006CEEE4 /* XASVenueAnnotation.m in Sources */ = {isa = PBXBuildFile; fileRef = 4926E99B1A2F52A9006CEEE4 /* XASVenueAnnotation.m */; };
		492FFFB91A1A35B00067C4D9 /* XASProfileBuiderViewController.m in Sources */ = {isa = PBXBuildFile; fileRef = 492FFFB81A1A35B00067C4D9 /* XASProfileBuiderViewController.m */; };
		492FFFBA1A1A35B00067C4D9 /* XASProfileBuiderViewController.m in Sources */ = {isa = PBXBuildFile; fileRef = 492FFFB81A1A35B00067C4D9 /* XASProfileBuiderViewController.m */; };
		492FFFBD1A1A3A8E0067C4D9 /* XASActivity.m in Sources */ = {isa = PBXBuildFile; fileRef = 492FFFBC1A1A3A8E0067C4D9 /* XASActivity.m */; };
		492FFFBE1A1A3A8E0067C4D9 /* XASActivity.m in Sources */ = {isa = PBXBuildFile; fileRef = 492FFFBC1A1A3A8E0067C4D9 /* XASActivity.m */; };
		493131661A19128A00B1365A /* XASRoundedView.m in Sources */ = {isa = PBXBuildFile; fileRef = 493131651A19128A00B1365A /* XASRoundedView.m */; };
		493131671A19128A00B1365A /* XASRoundedView.m in Sources */ = {isa = PBXBuildFile; fileRef = 493131651A19128A00B1365A /* XASRoundedView.m */; };
		4931316A1A19270700B1365A /* XASRateView.m in Sources */ = {isa = PBXBuildFile; fileRef = 493131691A19270700B1365A /* XASRateView.m */; };
		4931316B1A19270700B1365A /* XASRateView.m in Sources */ = {isa = PBXBuildFile; fileRef = 493131691A19270700B1365A /* XASRateView.m */; };
		4931316E1A19660100B1365A /* XASVenuesTableViewController.m in Sources */ = {isa = PBXBuildFile; fileRef = 4931316D1A19660100B1365A /* XASVenuesTableViewController.m */; };
		4931316F1A19660100B1365A /* XASVenuesTableViewController.m in Sources */ = {isa = PBXBuildFile; fileRef = 4931316D1A19660100B1365A /* XASVenuesTableViewController.m */; };
		49358F1E19E2EF2700BB3686 /* XASBaseObject.m in Sources */ = {isa = PBXBuildFile; fileRef = 49358F1D19E2EF2700BB3686 /* XASBaseObject.m */; };
		49358F1F19E2EF2700BB3686 /* XASBaseObject.m in Sources */ = {isa = PBXBuildFile; fileRef = 49358F1D19E2EF2700BB3686 /* XASBaseObject.m */; };
		49358F2A19E3048900BB3686 /* XASOpportunity.m in Sources */ = {isa = PBXBuildFile; fileRef = 49358F2919E3048900BB3686 /* XASOpportunity.m */; };
		49358F2B19E3048900BB3686 /* XASOpportunity.m in Sources */ = {isa = PBXBuildFile; fileRef = 49358F2919E3048900BB3686 /* XASOpportunity.m */; };
		494682E919E29C4800437B63 /* main.m in Sources */ = {isa = PBXBuildFile; fileRef = 494682E819E29C4800437B63 /* main.m */; };
		494682EC19E29C4800437B63 /* AppDelegate.m in Sources */ = {isa = PBXBuildFile; fileRef = 494682EB19E29C4800437B63 /* AppDelegate.m */; };
		494682EF19E29C4800437B63 /* ActiveSports.xcdatamodeld in Sources */ = {isa = PBXBuildFile; fileRef = 494682ED19E29C4800437B63 /* ActiveSports.xcdatamodeld */; };
		494682F219E29C4800437B63 /* ViewController.m in Sources */ = {isa = PBXBuildFile; fileRef = 494682F119E29C4800437B63 /* ViewController.m */; };
		494682F519E29C4800437B63 /* Main.storyboard in Resources */ = {isa = PBXBuildFile; fileRef = 494682F319E29C4800437B63 /* Main.storyboard */; };
		494682F719E29C4800437B63 /* Images.xcassets in Resources */ = {isa = PBXBuildFile; fileRef = 494682F619E29C4800437B63 /* Images.xcassets */; };
		494682FA19E29C4800437B63 /* LaunchScreen.xib in Resources */ = {isa = PBXBuildFile; fileRef = 494682F819E29C4800437B63 /* LaunchScreen.xib */; };
		4946830619E29C4800437B63 /* ActiveSportsTests.m in Sources */ = {isa = PBXBuildFile; fileRef = 4946830519E29C4800437B63 /* ActiveSportsTests.m */; };
		4946831119E29D6D00437B63 /* XASRegion.m in Sources */ = {isa = PBXBuildFile; fileRef = 4946831019E29D6D00437B63 /* XASRegion.m */; };
		4946831219E29D6D00437B63 /* XASRegion.m in Sources */ = {isa = PBXBuildFile; fileRef = 4946831019E29D6D00437B63 /* XASRegion.m */; };
		4946831519E29E9C00437B63 /* XASConnector.m in Sources */ = {isa = PBXBuildFile; fileRef = 4946831419E29E9C00437B63 /* XASConnector.m */; };
		4946831619E29E9C00437B63 /* XASConnector.m in Sources */ = {isa = PBXBuildFile; fileRef = 4946831419E29E9C00437B63 /* XASConnector.m */; };
		4946831919E2A38C00437B63 /* XASVenue.m in Sources */ = {isa = PBXBuildFile; fileRef = 4946831819E2A38C00437B63 /* XASVenue.m */; };
		4946831A19E2A38C00437B63 /* XASVenue.m in Sources */ = {isa = PBXBuildFile; fileRef = 4946831819E2A38C00437B63 /* XASVenue.m */; };
		4957795D1A4B09420038569C /* XASPaddedLabel.m in Sources */ = {isa = PBXBuildFile; fileRef = 4957795C1A4B09420038569C /* XASPaddedLabel.m */; };
		4957795E1A4B09420038569C /* XASPaddedLabel.m in Sources */ = {isa = PBXBuildFile; fileRef = 4957795C1A4B09420038569C /* XASPaddedLabel.m */; };
		495779611A4B1B800038569C /* XASHomeCollectionViewController.m in Sources */ = {isa = PBXBuildFile; fileRef = 495779601A4B1B800038569C /* XASHomeCollectionViewController.m */; };
		495779621A4B1B800038569C /* XASHomeCollectionViewController.m in Sources */ = {isa = PBXBuildFile; fileRef = 495779601A4B1B800038569C /* XASHomeCollectionViewController.m */; };
		495779691A4B21890038569C /* XASMenuCollectionViewCell.m in Sources */ = {isa = PBXBuildFile; fileRef = 495779681A4B21890038569C /* XASMenuCollectionViewCell.m */; };
		4957796A1A4B21890038569C /* XASMenuCollectionViewCell.m in Sources */ = {isa = PBXBuildFile; fileRef = 495779681A4B21890038569C /* XASMenuCollectionViewCell.m */; };
		496AF5171A233D7000F605F4 /* XASProgressView.m in Sources */ = {isa = PBXBuildFile; fileRef = 496AF5161A233D7000F605F4 /* XASProgressView.m */; };
		496AF5181A233D7000F605F4 /* XASProgressView.m in Sources */ = {isa = PBXBuildFile; fileRef = 496AF5161A233D7000F605F4 /* XASProgressView.m */; };
		4976D8D11ABEF0AE00A7C988 /* XASRangeSlider.m in Sources */ = {isa = PBXBuildFile; fileRef = 4976D8D01ABEF0AE00A7C988 /* XASRangeSlider.m */; };
		4976D8D21ABEF0AE00A7C988 /* XASRangeSlider.m in Sources */ = {isa = PBXBuildFile; fileRef = 4976D8D01ABEF0AE00A7C988 /* XASRangeSlider.m */; };
		4976D8D51ABEFCFB00A7C988 /* XASRangeSliderKnobLayer.m in Sources */ = {isa = PBXBuildFile; fileRef = 4976D8D41ABEFCFB00A7C988 /* XASRangeSliderKnobLayer.m */; };
		4976D8D61ABEFCFB00A7C988 /* XASRangeSliderKnobLayer.m in Sources */ = {isa = PBXBuildFile; fileRef = 4976D8D41ABEFCFB00A7C988 /* XASRangeSliderKnobLayer.m */; };
		4976D8D91ABF118D00A7C988 /* XASRangeSliderTrackLayer.m in Sources */ = {isa = PBXBuildFile; fileRef = 4976D8D81ABF118D00A7C988 /* XASRangeSliderTrackLayer.m */; };
		4976D8DA1ABF118D00A7C988 /* XASRangeSliderTrackLayer.m in Sources */ = {isa = PBXBuildFile; fileRef = 4976D8D81ABF118D00A7C988 /* XASRangeSliderTrackLayer.m */; };
		497B8C8B19FD25B500734629 /* XASMenuTableViewController.m in Sources */ = {isa = PBXBuildFile; fileRef = 497B8C8A19FD25B500734629 /* XASMenuTableViewController.m */; };
		497B8C8C19FD25B500734629 /* XASMenuTableViewController.m in Sources */ = {isa = PBXBuildFile; fileRef = 497B8C8A19FD25B500734629 /* XASMenuTableViewController.m */; };
		497CA73819F2E557003F5F0A /* XASOpportunitiesTableViewController.m in Sources */ = {isa = PBXBuildFile; fileRef = 497CA73719F2E557003F5F0A /* XASOpportunitiesTableViewController.m */; };
		497CA73919F2E557003F5F0A /* XASOpportunitiesTableViewController.m in Sources */ = {isa = PBXBuildFile; fileRef = 497CA73719F2E557003F5F0A /* XASOpportunitiesTableViewController.m */; };
		497CA73C19F2EC43003F5F0A /* XASOpportunityTableViewCell.m in Sources */ = {isa = PBXBuildFile; fileRef = 497CA73B19F2EC43003F5F0A /* XASOpportunityTableViewCell.m */; };
		497CA73D19F2EC43003F5F0A /* XASOpportunityTableViewCell.m in Sources */ = {isa = PBXBuildFile; fileRef = 497CA73B19F2EC43003F5F0A /* XASOpportunityTableViewCell.m */; };
		497CA74319F3CA0E003F5F0A /* MapKit.framework in Frameworks */ = {isa = PBXBuildFile; fileRef = 497CA74219F3CA0E003F5F0A /* MapKit.framework */; };
		49808D391A5F554900DC7625 /* XASAboutViewController.m in Sources */ = {isa = PBXBuildFile; fileRef = 49808D381A5F554900DC7625 /* XASAboutViewController.m */; };
		49808D3A1A5F554900DC7625 /* XASAboutViewController.m in Sources */ = {isa = PBXBuildFile; fileRef = 49808D381A5F554900DC7625 /* XASAboutViewController.m */; };
		498B83B31AC215BE00345399 /* XASVenueOwner.m in Sources */ = {isa = PBXBuildFile; fileRef = 498B83B21AC215BE00345399 /* XASVenueOwner.m */; };
		498B83B41AC215BE00345399 /* XASVenueOwner.m in Sources */ = {isa = PBXBuildFile; fileRef = 498B83B21AC215BE00345399 /* XASVenueOwner.m */; };
		498F163E1A77FB1200875634 /* Constants.m in Sources */ = {isa = PBXBuildFile; fileRef = 498F163D1A77FB1200875634 /* Constants.m */; };
		498F163F1A77FB1200875634 /* Constants.m in Sources */ = {isa = PBXBuildFile; fileRef = 498F163D1A77FB1200875634 /* Constants.m */; };
		498F16471A77FE8C00875634 /* UIColor+Expanded.m in Sources */ = {isa = PBXBuildFile; fileRef = 498F16461A77FE8C00875634 /* UIColor+Expanded.m */; };
		498F16481A77FE8C00875634 /* UIColor+Expanded.m in Sources */ = {isa = PBXBuildFile; fileRef = 498F16461A77FE8C00875634 /* UIColor+Expanded.m */; };
		49948ED81A252560005CC549 /* XASHomeViewController.m in Sources */ = {isa = PBXBuildFile; fileRef = 49948ED71A252560005CC549 /* XASHomeViewController.m */; };
		49948ED91A252560005CC549 /* XASHomeViewController.m in Sources */ = {isa = PBXBuildFile; fileRef = 49948ED71A252560005CC549 /* XASHomeViewController.m */; };
		49AAE7AB1A2CB24A00A2562F /* XASTodayHomeViewController.m in Sources */ = {isa = PBXBuildFile; fileRef = 49AAE7AA1A2CB24A00A2562F /* XASTodayHomeViewController.m */; };
		49AAE7AC1A2CB24A00A2562F /* XASTodayHomeViewController.m in Sources */ = {isa = PBXBuildFile; fileRef = 49AAE7AA1A2CB24A00A2562F /* XASTodayHomeViewController.m */; };
		49C1D1FF1A38C0E7005A38E4 /* UIImage+Resize.m in Sources */ = {isa = PBXBuildFile; fileRef = 49C1D1FE1A38C0E7005A38E4 /* UIImage+Resize.m */; };
		49C1D2001A38C0E7005A38E4 /* UIImage+Resize.m in Sources */ = {isa = PBXBuildFile; fileRef = 49C1D1FE1A38C0E7005A38E4 /* UIImage+Resize.m */; };
		49C1D2031A3A7748005A38E4 /* XASVenueNotice.m in Sources */ = {isa = PBXBuildFile; fileRef = 49C1D2021A3A7748005A38E4 /* XASVenueNotice.m */; };
		49C1D2041A3A7748005A38E4 /* XASVenueNotice.m in Sources */ = {isa = PBXBuildFile; fileRef = 49C1D2021A3A7748005A38E4 /* XASVenueNotice.m */; };
		49C963151AA4E55F0087E9CB /* XASSavedSearchesTableViewController.m in Sources */ = {isa = PBXBuildFile; fileRef = 49C963141AA4E55F0087E9CB /* XASSavedSearchesTableViewController.m */; };
		49C963161AA4E55F0087E9CB /* XASSavedSearchesTableViewController.m in Sources */ = {isa = PBXBuildFile; fileRef = 49C963141AA4E55F0087E9CB /* XASSavedSearchesTableViewController.m */; };
		49C99FAE1AB4FDB200A9C885 /* XASVenueTableViewController.m in Sources */ = {isa = PBXBuildFile; fileRef = 49C99FAD1AB4FDB200A9C885 /* XASVenueTableViewController.m */; };
		49C99FAF1AB4FDB200A9C885 /* XASVenueTableViewController.m in Sources */ = {isa = PBXBuildFile; fileRef = 49C99FAD1AB4FDB200A9C885 /* XASVenueTableViewController.m */; };
		49D57D6F1A264A0900749FA5 /* XASMapViewController.m in Sources */ = {isa = PBXBuildFile; fileRef = 49D57D6E1A264A0900749FA5 /* XASMapViewController.m */; };
		49D57D701A264A0900749FA5 /* XASMapViewController.m in Sources */ = {isa = PBXBuildFile; fileRef = 49D57D6E1A264A0900749FA5 /* XASMapViewController.m */; };
		49D607FA1A1FA5D100D33961 /* XASSearchViewController.m in Sources */ = {isa = PBXBuildFile; fileRef = 49D607F91A1FA5D100D33961 /* XASSearchViewController.m */; };
		49D607FB1A1FA5D100D33961 /* XASSearchViewController.m in Sources */ = {isa = PBXBuildFile; fileRef = 49D607F91A1FA5D100D33961 /* XASSearchViewController.m */; };
		49D931811A0CE90800B17587 /* XASRateViewController.m in Sources */ = {isa = PBXBuildFile; fileRef = 49D931801A0CE90800B17587 /* XASRateViewController.m */; };
		49D931821A0CE90800B17587 /* XASRateViewController.m in Sources */ = {isa = PBXBuildFile; fileRef = 49D931801A0CE90800B17587 /* XASRateViewController.m */; };
/* End PBXBuildFile section */

/* Begin PBXContainerItemProxy section */
		4946830019E29C4800437B63 /* PBXContainerItemProxy */ = {
			isa = PBXContainerItemProxy;
			containerPortal = 494682DB19E29C4800437B63 /* Project object */;
			proxyType = 1;
			remoteGlobalIDString = 494682E219E29C4800437B63;
			remoteInfo = ActiveSports;
		};
/* End PBXContainerItemProxy section */

/* Begin PBXFileReference section */
		4903B86B1A9B9F5D006E6FE8 /* XASVenueTableViewCell.h */ = {isa = PBXFileReference; fileEncoding = 4; lastKnownFileType = sourcecode.c.h; path = XASVenueTableViewCell.h; sourceTree = "<group>"; };
		4903B86C1A9B9F5D006E6FE8 /* XASVenueTableViewCell.m */ = {isa = PBXFileReference; fileEncoding = 4; lastKnownFileType = sourcecode.c.objc; path = XASVenueTableViewCell.m; sourceTree = "<group>"; };
		49081A921A05500D00941AC1 /* XASOpportunityViewController.h */ = {isa = PBXFileReference; fileEncoding = 4; lastKnownFileType = sourcecode.c.h; path = XASOpportunityViewController.h; sourceTree = "<group>"; };
		49081A931A05500D00941AC1 /* XASOpportunityViewController.m */ = {isa = PBXFileReference; fileEncoding = 4; lastKnownFileType = sourcecode.c.objc; path = XASOpportunityViewController.m; sourceTree = "<group>"; };
		49092D7E19FD299D0037ACCD /* XASProfileTableViewController.h */ = {isa = PBXFileReference; fileEncoding = 4; lastKnownFileType = sourcecode.c.h; path = XASProfileTableViewController.h; sourceTree = "<group>"; };
		49092D7F19FD299D0037ACCD /* XASProfileTableViewController.m */ = {isa = PBXFileReference; fileEncoding = 4; lastKnownFileType = sourcecode.c.objc; path = XASProfileTableViewController.m; sourceTree = "<group>"; };
		49236E3F1A4B3F4100936449 /* XASPreferenceTableViewCell.h */ = {isa = PBXFileReference; fileEncoding = 4; lastKnownFileType = sourcecode.c.h; path = XASPreferenceTableViewCell.h; sourceTree = "<group>"; };
		49236E401A4B3F4100936449 /* XASPreferenceTableViewCell.m */ = {isa = PBXFileReference; fileEncoding = 4; lastKnownFileType = sourcecode.c.objc; path = XASPreferenceTableViewCell.m; sourceTree = "<group>"; };
		4926E99A1A2F52A9006CEEE4 /* XASVenueAnnotation.h */ = {isa = PBXFileReference; fileEncoding = 4; lastKnownFileType = sourcecode.c.h; path = XASVenueAnnotation.h; sourceTree = "<group>"; };
		4926E99B1A2F52A9006CEEE4 /* XASVenueAnnotation.m */ = {isa = PBXFileReference; fileEncoding = 4; lastKnownFileType = sourcecode.c.objc; path = XASVenueAnnotation.m; sourceTree = "<group>"; };
		492FFFB71A1A35B00067C4D9 /* XASProfileBuiderViewController.h */ = {isa = PBXFileReference; fileEncoding = 4; lastKnownFileType = sourcecode.c.h; path = XASProfileBuiderViewController.h; sourceTree = "<group>"; };
		492FFFB81A1A35B00067C4D9 /* XASProfileBuiderViewController.m */ = {isa = PBXFileReference; fileEncoding = 4; lastKnownFileType = sourcecode.c.objc; path = XASProfileBuiderViewController.m; sourceTree = "<group>"; };
		492FFFBB1A1A3A8E0067C4D9 /* XASActivity.h */ = {isa = PBXFileReference; fileEncoding = 4; lastKnownFileType = sourcecode.c.h; path = XASActivity.h; sourceTree = "<group>"; };
		492FFFBC1A1A3A8E0067C4D9 /* XASActivity.m */ = {isa = PBXFileReference; fileEncoding = 4; lastKnownFileType = sourcecode.c.objc; path = XASActivity.m; sourceTree = "<group>"; };
		493131641A19128A00B1365A /* XASRoundedView.h */ = {isa = PBXFileReference; fileEncoding = 4; lastKnownFileType = sourcecode.c.h; path = XASRoundedView.h; sourceTree = "<group>"; };
		493131651A19128A00B1365A /* XASRoundedView.m */ = {isa = PBXFileReference; fileEncoding = 4; lastKnownFileType = sourcecode.c.objc; path = XASRoundedView.m; sourceTree = "<group>"; };
		493131681A19270700B1365A /* XASRateView.h */ = {isa = PBXFileReference; fileEncoding = 4; lastKnownFileType = sourcecode.c.h; path = XASRateView.h; sourceTree = "<group>"; };
		493131691A19270700B1365A /* XASRateView.m */ = {isa = PBXFileReference; fileEncoding = 4; lastKnownFileType = sourcecode.c.objc; path = XASRateView.m; sourceTree = "<group>"; };
		4931316C1A19660100B1365A /* XASVenuesTableViewController.h */ = {isa = PBXFileReference; fileEncoding = 4; lastKnownFileType = sourcecode.c.h; path = XASVenuesTableViewController.h; sourceTree = "<group>"; };
		4931316D1A19660100B1365A /* XASVenuesTableViewController.m */ = {isa = PBXFileReference; fileEncoding = 4; lastKnownFileType = sourcecode.c.objc; path = XASVenuesTableViewController.m; sourceTree = "<group>"; };
		49358F1C19E2EF2700BB3686 /* XASBaseObject.h */ = {isa = PBXFileReference; fileEncoding = 4; lastKnownFileType = sourcecode.c.h; path = XASBaseObject.h; sourceTree = "<group>"; };
		49358F1D19E2EF2700BB3686 /* XASBaseObject.m */ = {isa = PBXFileReference; fileEncoding = 4; lastKnownFileType = sourcecode.c.objc; path = XASBaseObject.m; sourceTree = "<group>"; };
		49358F2819E3048900BB3686 /* XASOpportunity.h */ = {isa = PBXFileReference; fileEncoding = 4; lastKnownFileType = sourcecode.c.h; path = XASOpportunity.h; sourceTree = "<group>"; };
		49358F2919E3048900BB3686 /* XASOpportunity.m */ = {isa = PBXFileReference; fileEncoding = 4; lastKnownFileType = sourcecode.c.objc; path = XASOpportunity.m; sourceTree = "<group>"; };
		494682E319E29C4800437B63 /* ActiveSports.app */ = {isa = PBXFileReference; explicitFileType = wrapper.application; includeInIndex = 0; path = ActiveSports.app; sourceTree = BUILT_PRODUCTS_DIR; };
		494682E719E29C4800437B63 /* Info.plist */ = {isa = PBXFileReference; lastKnownFileType = text.plist.xml; path = Info.plist; sourceTree = "<group>"; };
		494682E819E29C4800437B63 /* main.m */ = {isa = PBXFileReference; lastKnownFileType = sourcecode.c.objc; path = main.m; sourceTree = "<group>"; };
		494682EA19E29C4800437B63 /* AppDelegate.h */ = {isa = PBXFileReference; lastKnownFileType = sourcecode.c.h; path = AppDelegate.h; sourceTree = "<group>"; };
		494682EB19E29C4800437B63 /* AppDelegate.m */ = {isa = PBXFileReference; lastKnownFileType = sourcecode.c.objc; path = AppDelegate.m; sourceTree = "<group>"; };
		494682EE19E29C4800437B63 /* ActiveSports.xcdatamodel */ = {isa = PBXFileReference; lastKnownFileType = wrapper.xcdatamodel; path = ActiveSports.xcdatamodel; sourceTree = "<group>"; };
		494682F019E29C4800437B63 /* ViewController.h */ = {isa = PBXFileReference; lastKnownFileType = sourcecode.c.h; path = ViewController.h; sourceTree = "<group>"; };
		494682F119E29C4800437B63 /* ViewController.m */ = {isa = PBXFileReference; lastKnownFileType = sourcecode.c.objc; path = ViewController.m; sourceTree = "<group>"; };
		494682F419E29C4800437B63 /* Base */ = {isa = PBXFileReference; lastKnownFileType = file.storyboard; name = Base; path = Base.lproj/Main.storyboard; sourceTree = "<group>"; };
		494682F619E29C4800437B63 /* Images.xcassets */ = {isa = PBXFileReference; lastKnownFileType = folder.assetcatalog; path = Images.xcassets; sourceTree = "<group>"; };
		494682F919E29C4800437B63 /* Base */ = {isa = PBXFileReference; lastKnownFileType = file.xib; name = Base; path = Base.lproj/LaunchScreen.xib; sourceTree = "<group>"; };
		494682FF19E29C4800437B63 /* ActiveSportsTests.xctest */ = {isa = PBXFileReference; explicitFileType = wrapper.cfbundle; includeInIndex = 0; path = ActiveSportsTests.xctest; sourceTree = BUILT_PRODUCTS_DIR; };
		4946830419E29C4800437B63 /* Info.plist */ = {isa = PBXFileReference; lastKnownFileType = text.plist.xml; path = Info.plist; sourceTree = "<group>"; };
		4946830519E29C4800437B63 /* ActiveSportsTests.m */ = {isa = PBXFileReference; lastKnownFileType = sourcecode.c.objc; path = ActiveSportsTests.m; sourceTree = "<group>"; };
		4946830F19E29D6D00437B63 /* XASRegion.h */ = {isa = PBXFileReference; fileEncoding = 4; lastKnownFileType = sourcecode.c.h; path = XASRegion.h; sourceTree = "<group>"; };
		4946831019E29D6D00437B63 /* XASRegion.m */ = {isa = PBXFileReference; fileEncoding = 4; lastKnownFileType = sourcecode.c.objc; path = XASRegion.m; sourceTree = "<group>"; };
		4946831319E29E9C00437B63 /* XASConnector.h */ = {isa = PBXFileReference; fileEncoding = 4; lastKnownFileType = sourcecode.c.h; path = XASConnector.h; sourceTree = "<group>"; };
		4946831419E29E9C00437B63 /* XASConnector.m */ = {isa = PBXFileReference; fileEncoding = 4; lastKnownFileType = sourcecode.c.objc; path = XASConnector.m; sourceTree = "<group>"; };
		4946831719E2A38C00437B63 /* XASVenue.h */ = {isa = PBXFileReference; fileEncoding = 4; lastKnownFileType = sourcecode.c.h; path = XASVenue.h; sourceTree = "<group>"; };
		4946831819E2A38C00437B63 /* XASVenue.m */ = {isa = PBXFileReference; fileEncoding = 4; lastKnownFileType = sourcecode.c.objc; path = XASVenue.m; sourceTree = "<group>"; };
		4957795B1A4B09420038569C /* XASPaddedLabel.h */ = {isa = PBXFileReference; fileEncoding = 4; lastKnownFileType = sourcecode.c.h; path = XASPaddedLabel.h; sourceTree = "<group>"; };
		4957795C1A4B09420038569C /* XASPaddedLabel.m */ = {isa = PBXFileReference; fileEncoding = 4; lastKnownFileType = sourcecode.c.objc; path = XASPaddedLabel.m; sourceTree = "<group>"; };
		4957795F1A4B1B800038569C /* XASHomeCollectionViewController.h */ = {isa = PBXFileReference; fileEncoding = 4; lastKnownFileType = sourcecode.c.h; path = XASHomeCollectionViewController.h; sourceTree = "<group>"; };
		495779601A4B1B800038569C /* XASHomeCollectionViewController.m */ = {isa = PBXFileReference; fileEncoding = 4; lastKnownFileType = sourcecode.c.objc; path = XASHomeCollectionViewController.m; sourceTree = "<group>"; };
		495779671A4B21890038569C /* XASMenuCollectionViewCell.h */ = {isa = PBXFileReference; fileEncoding = 4; lastKnownFileType = sourcecode.c.h; path = XASMenuCollectionViewCell.h; sourceTree = "<group>"; };
		495779681A4B21890038569C /* XASMenuCollectionViewCell.m */ = {isa = PBXFileReference; fileEncoding = 4; lastKnownFileType = sourcecode.c.objc; path = XASMenuCollectionViewCell.m; sourceTree = "<group>"; };
		496AF5151A233D7000F605F4 /* XASProgressView.h */ = {isa = PBXFileReference; fileEncoding = 4; lastKnownFileType = sourcecode.c.h; path = XASProgressView.h; sourceTree = "<group>"; };
		496AF5161A233D7000F605F4 /* XASProgressView.m */ = {isa = PBXFileReference; fileEncoding = 4; lastKnownFileType = sourcecode.c.objc; path = XASProgressView.m; sourceTree = "<group>"; };
		4976D8CF1ABEF0AE00A7C988 /* XASRangeSlider.h */ = {isa = PBXFileReference; fileEncoding = 4; lastKnownFileType = sourcecode.c.h; path = XASRangeSlider.h; sourceTree = "<group>"; };
		4976D8D01ABEF0AE00A7C988 /* XASRangeSlider.m */ = {isa = PBXFileReference; fileEncoding = 4; lastKnownFileType = sourcecode.c.objc; path = XASRangeSlider.m; sourceTree = "<group>"; };
		4976D8D31ABEFCFB00A7C988 /* XASRangeSliderKnobLayer.h */ = {isa = PBXFileReference; fileEncoding = 4; lastKnownFileType = sourcecode.c.h; path = XASRangeSliderKnobLayer.h; sourceTree = "<group>"; };
		4976D8D41ABEFCFB00A7C988 /* XASRangeSliderKnobLayer.m */ = {isa = PBXFileReference; fileEncoding = 4; lastKnownFileType = sourcecode.c.objc; path = XASRangeSliderKnobLayer.m; sourceTree = "<group>"; };
		4976D8D71ABF118D00A7C988 /* XASRangeSliderTrackLayer.h */ = {isa = PBXFileReference; fileEncoding = 4; lastKnownFileType = sourcecode.c.h; path = XASRangeSliderTrackLayer.h; sourceTree = "<group>"; };
		4976D8D81ABF118D00A7C988 /* XASRangeSliderTrackLayer.m */ = {isa = PBXFileReference; fileEncoding = 4; lastKnownFileType = sourcecode.c.objc; path = XASRangeSliderTrackLayer.m; sourceTree = "<group>"; };
		497B8C8919FD25B500734629 /* XASMenuTableViewController.h */ = {isa = PBXFileReference; fileEncoding = 4; lastKnownFileType = sourcecode.c.h; path = XASMenuTableViewController.h; sourceTree = "<group>"; };
		497B8C8A19FD25B500734629 /* XASMenuTableViewController.m */ = {isa = PBXFileReference; fileEncoding = 4; lastKnownFileType = sourcecode.c.objc; path = XASMenuTableViewController.m; sourceTree = "<group>"; };
		497CA73619F2E557003F5F0A /* XASOpportunitiesTableViewController.h */ = {isa = PBXFileReference; fileEncoding = 4; lastKnownFileType = sourcecode.c.h; path = XASOpportunitiesTableViewController.h; sourceTree = "<group>"; };
		497CA73719F2E557003F5F0A /* XASOpportunitiesTableViewController.m */ = {isa = PBXFileReference; fileEncoding = 4; lastKnownFileType = sourcecode.c.objc; path = XASOpportunitiesTableViewController.m; sourceTree = "<group>"; };
		497CA73A19F2EC43003F5F0A /* XASOpportunityTableViewCell.h */ = {isa = PBXFileReference; fileEncoding = 4; lastKnownFileType = sourcecode.c.h; path = XASOpportunityTableViewCell.h; sourceTree = "<group>"; };
		497CA73B19F2EC43003F5F0A /* XASOpportunityTableViewCell.m */ = {isa = PBXFileReference; fileEncoding = 4; lastKnownFileType = sourcecode.c.objc; path = XASOpportunityTableViewCell.m; sourceTree = "<group>"; };
		497CA74219F3CA0E003F5F0A /* MapKit.framework */ = {isa = PBXFileReference; lastKnownFileType = wrapper.framework; name = MapKit.framework; path = System/Library/Frameworks/MapKit.framework; sourceTree = SDKROOT; };
		49808D371A5F554900DC7625 /* XASAboutViewController.h */ = {isa = PBXFileReference; fileEncoding = 4; lastKnownFileType = sourcecode.c.h; path = XASAboutViewController.h; sourceTree = "<group>"; };
		49808D381A5F554900DC7625 /* XASAboutViewController.m */ = {isa = PBXFileReference; fileEncoding = 4; lastKnownFileType = sourcecode.c.objc; path = XASAboutViewController.m; sourceTree = "<group>"; };
		498B83B11AC215BE00345399 /* XASVenueOwner.h */ = {isa = PBXFileReference; fileEncoding = 4; lastKnownFileType = sourcecode.c.h; path = XASVenueOwner.h; sourceTree = "<group>"; };
		498B83B21AC215BE00345399 /* XASVenueOwner.m */ = {isa = PBXFileReference; fileEncoding = 4; lastKnownFileType = sourcecode.c.objc; path = XASVenueOwner.m; sourceTree = "<group>"; };
		498F163C1A77FB1200875634 /* Constants.h */ = {isa = PBXFileReference; fileEncoding = 4; lastKnownFileType = sourcecode.c.h; path = Constants.h; sourceTree = "<group>"; };
		498F163D1A77FB1200875634 /* Constants.m */ = {isa = PBXFileReference; fileEncoding = 4; lastKnownFileType = sourcecode.c.objc; path = Constants.m; sourceTree = "<group>"; };
		498F16451A77FE8C00875634 /* UIColor+Expanded.h */ = {isa = PBXFileReference; fileEncoding = 4; lastKnownFileType = sourcecode.c.h; path = "UIColor+Expanded.h"; sourceTree = "<group>"; };
		498F16461A77FE8C00875634 /* UIColor+Expanded.m */ = {isa = PBXFileReference; fileEncoding = 4; lastKnownFileType = sourcecode.c.objc; path = "UIColor+Expanded.m"; sourceTree = "<group>"; };
		49948ED61A252560005CC549 /* XASHomeViewController.h */ = {isa = PBXFileReference; fileEncoding = 4; lastKnownFileType = sourcecode.c.h; path = XASHomeViewController.h; sourceTree = "<group>"; };
		49948ED71A252560005CC549 /* XASHomeViewController.m */ = {isa = PBXFileReference; fileEncoding = 4; lastKnownFileType = sourcecode.c.objc; path = XASHomeViewController.m; sourceTree = "<group>"; };
		49AAE7A91A2CB24A00A2562F /* XASTodayHomeViewController.h */ = {isa = PBXFileReference; fileEncoding = 4; lastKnownFileType = sourcecode.c.h; path = XASTodayHomeViewController.h; sourceTree = "<group>"; };
		49AAE7AA1A2CB24A00A2562F /* XASTodayHomeViewController.m */ = {isa = PBXFileReference; fileEncoding = 4; lastKnownFileType = sourcecode.c.objc; path = XASTodayHomeViewController.m; sourceTree = "<group>"; };
		49C1D1FD1A38C0E7005A38E4 /* UIImage+Resize.h */ = {isa = PBXFileReference; fileEncoding = 4; lastKnownFileType = sourcecode.c.h; path = "UIImage+Resize.h"; sourceTree = "<group>"; };
		49C1D1FE1A38C0E7005A38E4 /* UIImage+Resize.m */ = {isa = PBXFileReference; fileEncoding = 4; lastKnownFileType = sourcecode.c.objc; path = "UIImage+Resize.m"; sourceTree = "<group>"; };
		49C1D2011A3A7748005A38E4 /* XASVenueNotice.h */ = {isa = PBXFileReference; fileEncoding = 4; lastKnownFileType = sourcecode.c.h; path = XASVenueNotice.h; sourceTree = "<group>"; };
		49C1D2021A3A7748005A38E4 /* XASVenueNotice.m */ = {isa = PBXFileReference; fileEncoding = 4; lastKnownFileType = sourcecode.c.objc; path = XASVenueNotice.m; sourceTree = "<group>"; };
		49C963131AA4E55F0087E9CB /* XASSavedSearchesTableViewController.h */ = {isa = PBXFileReference; fileEncoding = 4; lastKnownFileType = sourcecode.c.h; path = XASSavedSearchesTableViewController.h; sourceTree = "<group>"; };
		49C963141AA4E55F0087E9CB /* XASSavedSearchesTableViewController.m */ = {isa = PBXFileReference; fileEncoding = 4; lastKnownFileType = sourcecode.c.objc; path = XASSavedSearchesTableViewController.m; sourceTree = "<group>"; };
		49C99FAC1AB4FDB200A9C885 /* XASVenueTableViewController.h */ = {isa = PBXFileReference; fileEncoding = 4; lastKnownFileType = sourcecode.c.h; path = XASVenueTableViewController.h; sourceTree = "<group>"; };
		49C99FAD1AB4FDB200A9C885 /* XASVenueTableViewController.m */ = {isa = PBXFileReference; fileEncoding = 4; lastKnownFileType = sourcecode.c.objc; path = XASVenueTableViewController.m; sourceTree = "<group>"; };
		49D57D6D1A264A0900749FA5 /* XASMapViewController.h */ = {isa = PBXFileReference; fileEncoding = 4; lastKnownFileType = sourcecode.c.h; path = XASMapViewController.h; sourceTree = "<group>"; };
		49D57D6E1A264A0900749FA5 /* XASMapViewController.m */ = {isa = PBXFileReference; fileEncoding = 4; lastKnownFileType = sourcecode.c.objc; path = XASMapViewController.m; sourceTree = "<group>"; };
		49D607F81A1FA5D100D33961 /* XASSearchViewController.h */ = {isa = PBXFileReference; fileEncoding = 4; lastKnownFileType = sourcecode.c.h; path = XASSearchViewController.h; sourceTree = "<group>"; };
		49D607F91A1FA5D100D33961 /* XASSearchViewController.m */ = {isa = PBXFileReference; fileEncoding = 4; lastKnownFileType = sourcecode.c.objc; path = XASSearchViewController.m; sourceTree = "<group>"; };
		49D9317F1A0CE90800B17587 /* XASRateViewController.h */ = {isa = PBXFileReference; fileEncoding = 4; lastKnownFileType = sourcecode.c.h; path = XASRateViewController.h; sourceTree = "<group>"; };
		49D931801A0CE90800B17587 /* XASRateViewController.m */ = {isa = PBXFileReference; fileEncoding = 4; lastKnownFileType = sourcecode.c.objc; path = XASRateViewController.m; sourceTree = "<group>"; };
/* End PBXFileReference section */

/* Begin PBXFrameworksBuildPhase section */
		494682E019E29C4800437B63 /* Frameworks */ = {
			isa = PBXFrameworksBuildPhase;
			buildActionMask = 2147483647;
			files = (
				497CA74319F3CA0E003F5F0A /* MapKit.framework in Frameworks */,
			);
			runOnlyForDeploymentPostprocessing = 0;
		};
		494682FC19E29C4800437B63 /* Frameworks */ = {
			isa = PBXFrameworksBuildPhase;
			buildActionMask = 2147483647;
			files = (
			);
			runOnlyForDeploymentPostprocessing = 0;
		};
/* End PBXFrameworksBuildPhase section */

/* Begin PBXGroup section */
		492FFFBF1A1A5B070067C4D9 /* Models */ = {
			isa = PBXGroup;
			children = (
				4946830F19E29D6D00437B63 /* XASRegion.h */,
				4946831019E29D6D00437B63 /* XASRegion.m */,
				4946831719E2A38C00437B63 /* XASVenue.h */,
				4946831819E2A38C00437B63 /* XASVenue.m */,
				492FFFBB1A1A3A8E0067C4D9 /* XASActivity.h */,
				492FFFBC1A1A3A8E0067C4D9 /* XASActivity.m */,
				49358F2819E3048900BB3686 /* XASOpportunity.h */,
				49358F2919E3048900BB3686 /* XASOpportunity.m */,
				49C1D2011A3A7748005A38E4 /* XASVenueNotice.h */,
				49C1D2021A3A7748005A38E4 /* XASVenueNotice.m */,
				498B83B11AC215BE00345399 /* XASVenueOwner.h */,
				498B83B21AC215BE00345399 /* XASVenueOwner.m */,
			);
			name = Models;
			sourceTree = "<group>";
		};
		494682DA19E29C4800437B63 = {
			isa = PBXGroup;
			children = (
				497CA74219F3CA0E003F5F0A /* MapKit.framework */,
				494682E519E29C4800437B63 /* ActiveSports */,
				4946830219E29C4800437B63 /* ActiveSportsTests */,
				494682E419E29C4800437B63 /* Products */,
			);
			sourceTree = "<group>";
		};
		494682E419E29C4800437B63 /* Products */ = {
			isa = PBXGroup;
			children = (
				494682E319E29C4800437B63 /* ActiveSports.app */,
				494682FF19E29C4800437B63 /* ActiveSportsTests.xctest */,
			);
			name = Products;
			sourceTree = "<group>";
		};
		494682E519E29C4800437B63 /* ActiveSports */ = {
			isa = PBXGroup;
			children = (
				498F16491A78017D00875634 /* Extended Classes */,
				498F163C1A77FB1200875634 /* Constants.h */,
				498F163D1A77FB1200875634 /* Constants.m */,
				494682EA19E29C4800437B63 /* AppDelegate.h */,
				494682EB19E29C4800437B63 /* AppDelegate.m */,
				494682F019E29C4800437B63 /* ViewController.h */,
				494682F119E29C4800437B63 /* ViewController.m */,
				494682F319E29C4800437B63 /* Main.storyboard */,
				494682F619E29C4800437B63 /* Images.xcassets */,
				494682F819E29C4800437B63 /* LaunchScreen.xib */,
				494682ED19E29C4800437B63 /* ActiveSports.xcdatamodeld */,
				494682E619E29C4800437B63 /* Supporting Files */,
				4946831319E29E9C00437B63 /* XASConnector.h */,
				4946831419E29E9C00437B63 /* XASConnector.m */,
				49358F1C19E2EF2700BB3686 /* XASBaseObject.h */,
				49358F1D19E2EF2700BB3686 /* XASBaseObject.m */,
				492FFFBF1A1A5B070067C4D9 /* Models */,
				497CA73619F2E557003F5F0A /* XASOpportunitiesTableViewController.h */,
				497CA73719F2E557003F5F0A /* XASOpportunitiesTableViewController.m */,
				497CA73A19F2EC43003F5F0A /* XASOpportunityTableViewCell.h */,
				497CA73B19F2EC43003F5F0A /* XASOpportunityTableViewCell.m */,
				497B8C8919FD25B500734629 /* XASMenuTableViewController.h */,
				497B8C8A19FD25B500734629 /* XASMenuTableViewController.m */,
				49092D7E19FD299D0037ACCD /* XASProfileTableViewController.h */,
				49092D7F19FD299D0037ACCD /* XASProfileTableViewController.m */,
				49081A921A05500D00941AC1 /* XASOpportunityViewController.h */,
				49081A931A05500D00941AC1 /* XASOpportunityViewController.m */,
				49D9317F1A0CE90800B17587 /* XASRateViewController.h */,
				49D931801A0CE90800B17587 /* XASRateViewController.m */,
				493131641A19128A00B1365A /* XASRoundedView.h */,
				493131651A19128A00B1365A /* XASRoundedView.m */,
				493131681A19270700B1365A /* XASRateView.h */,
				493131691A19270700B1365A /* XASRateView.m */,
				4931316C1A19660100B1365A /* XASVenuesTableViewController.h */,
				4931316D1A19660100B1365A /* XASVenuesTableViewController.m */,
				492FFFB71A1A35B00067C4D9 /* XASProfileBuiderViewController.h */,
				492FFFB81A1A35B00067C4D9 /* XASProfileBuiderViewController.m */,
				49D607F81A1FA5D100D33961 /* XASSearchViewController.h */,
				49D607F91A1FA5D100D33961 /* XASSearchViewController.m */,
				496AF5151A233D7000F605F4 /* XASProgressView.h */,
				496AF5161A233D7000F605F4 /* XASProgressView.m */,
				49948ED61A252560005CC549 /* XASHomeViewController.h */,
				49948ED71A252560005CC549 /* XASHomeViewController.m */,
				49D57D6D1A264A0900749FA5 /* XASMapViewController.h */,
				49D57D6E1A264A0900749FA5 /* XASMapViewController.m */,
				49AAE7A91A2CB24A00A2562F /* XASTodayHomeViewController.h */,
				49AAE7AA1A2CB24A00A2562F /* XASTodayHomeViewController.m */,
				4926E99A1A2F52A9006CEEE4 /* XASVenueAnnotation.h */,
				4926E99B1A2F52A9006CEEE4 /* XASVenueAnnotation.m */,
				4957795B1A4B09420038569C /* XASPaddedLabel.h */,
				4957795C1A4B09420038569C /* XASPaddedLabel.m */,
				4957795F1A4B1B800038569C /* XASHomeCollectionViewController.h */,
				495779601A4B1B800038569C /* XASHomeCollectionViewController.m */,
				495779671A4B21890038569C /* XASMenuCollectionViewCell.h */,
				495779681A4B21890038569C /* XASMenuCollectionViewCell.m */,
				49236E3F1A4B3F4100936449 /* XASPreferenceTableViewCell.h */,
				49236E401A4B3F4100936449 /* XASPreferenceTableViewCell.m */,
				49808D371A5F554900DC7625 /* XASAboutViewController.h */,
				49808D381A5F554900DC7625 /* XASAboutViewController.m */,
				4903B86B1A9B9F5D006E6FE8 /* XASVenueTableViewCell.h */,
				4903B86C1A9B9F5D006E6FE8 /* XASVenueTableViewCell.m */,
				49C963131AA4E55F0087E9CB /* XASSavedSearchesTableViewController.h */,
				49C963141AA4E55F0087E9CB /* XASSavedSearchesTableViewController.m */,
				49C99FAC1AB4FDB200A9C885 /* XASVenueTableViewController.h */,
				49C99FAD1AB4FDB200A9C885 /* XASVenueTableViewController.m */,
				4976D8CF1ABEF0AE00A7C988 /* XASRangeSlider.h */,
				4976D8D01ABEF0AE00A7C988 /* XASRangeSlider.m */,
				4976D8D31ABEFCFB00A7C988 /* XASRangeSliderKnobLayer.h */,
				4976D8D41ABEFCFB00A7C988 /* XASRangeSliderKnobLayer.m */,
				4976D8D71ABF118D00A7C988 /* XASRangeSliderTrackLayer.h */,
				4976D8D81ABF118D00A7C988 /* XASRangeSliderTrackLayer.m */,
			);
			path = ActiveSports;
			sourceTree = "<group>";
		};
		494682E619E29C4800437B63 /* Supporting Files */ = {
			isa = PBXGroup;
			children = (
				494682E719E29C4800437B63 /* Info.plist */,
				494682E819E29C4800437B63 /* main.m */,
			);
			name = "Supporting Files";
			sourceTree = "<group>";
		};
		4946830219E29C4800437B63 /* ActiveSportsTests */ = {
			isa = PBXGroup;
			children = (
				4946830519E29C4800437B63 /* ActiveSportsTests.m */,
				4946830319E29C4800437B63 /* Supporting Files */,
			);
			path = ActiveSportsTests;
			sourceTree = "<group>";
		};
		4946830319E29C4800437B63 /* Supporting Files */ = {
			isa = PBXGroup;
			children = (
				4946830419E29C4800437B63 /* Info.plist */,
			);
			name = "Supporting Files";
			sourceTree = "<group>";
		};
		498F16491A78017D00875634 /* Extended Classes */ = {
			isa = PBXGroup;
			children = (
				49C1D1FD1A38C0E7005A38E4 /* UIImage+Resize.h */,
				49C1D1FE1A38C0E7005A38E4 /* UIImage+Resize.m */,
				498F16451A77FE8C00875634 /* UIColor+Expanded.h */,
				498F16461A77FE8C00875634 /* UIColor+Expanded.m */,
			);
			name = "Extended Classes";
			sourceTree = "<group>";
		};
/* End PBXGroup section */

/* Begin PBXNativeTarget section */
		494682E219E29C4800437B63 /* ActiveSports */ = {
			isa = PBXNativeTarget;
			buildConfigurationList = 4946830919E29C4800437B63 /* Build configuration list for PBXNativeTarget "ActiveSports" */;
			buildPhases = (
				494682DF19E29C4800437B63 /* Sources */,
				494682E019E29C4800437B63 /* Frameworks */,
				494682E119E29C4800437B63 /* Resources */,
			);
			buildRules = (
			);
			dependencies = (
			);
			name = ActiveSports;
			productName = ActiveSports;
			productReference = 494682E319E29C4800437B63 /* ActiveSports.app */;
			productType = "com.apple.product-type.application";
		};
		494682FE19E29C4800437B63 /* ActiveSportsTests */ = {
			isa = PBXNativeTarget;
			buildConfigurationList = 4946830C19E29C4800437B63 /* Build configuration list for PBXNativeTarget "ActiveSportsTests" */;
			buildPhases = (
				494682FB19E29C4800437B63 /* Sources */,
				494682FC19E29C4800437B63 /* Frameworks */,
				494682FD19E29C4800437B63 /* Resources */,
			);
			buildRules = (
			);
			dependencies = (
				4946830119E29C4800437B63 /* PBXTargetDependency */,
			);
			name = ActiveSportsTests;
			productName = ActiveSportsTests;
			productReference = 494682FF19E29C4800437B63 /* ActiveSportsTests.xctest */;
			productType = "com.apple.product-type.bundle.unit-test";
		};
/* End PBXNativeTarget section */

/* Begin PBXProject section */
		494682DB19E29C4800437B63 /* Project object */ = {
			isa = PBXProject;
			attributes = {
				LastUpgradeCheck = 0600;
				ORGANIZATIONNAME = Xoverto;
				TargetAttributes = {
					494682E219E29C4800437B63 = {
						CreatedOnToolsVersion = 6.0.1;
						DevelopmentTeam = 33W58W5MZ2;
					};
					494682FE19E29C4800437B63 = {
						CreatedOnToolsVersion = 6.0.1;
						TestTargetID = 494682E219E29C4800437B63;
					};
				};
			};
			buildConfigurationList = 494682DE19E29C4800437B63 /* Build configuration list for PBXProject "ActiveSports" */;
			compatibilityVersion = "Xcode 3.2";
			developmentRegion = English;
			hasScannedForEncodings = 0;
			knownRegions = (
				en,
				Base,
			);
			mainGroup = 494682DA19E29C4800437B63;
			productRefGroup = 494682E419E29C4800437B63 /* Products */;
			projectDirPath = "";
			projectRoot = "";
			targets = (
				494682E219E29C4800437B63 /* ActiveSports */,
				494682FE19E29C4800437B63 /* ActiveSportsTests */,
			);
		};
/* End PBXProject section */

/* Begin PBXResourcesBuildPhase section */
		494682E119E29C4800437B63 /* Resources */ = {
			isa = PBXResourcesBuildPhase;
			buildActionMask = 2147483647;
			files = (
				494682F519E29C4800437B63 /* Main.storyboard in Resources */,
				494682FA19E29C4800437B63 /* LaunchScreen.xib in Resources */,
				494682F719E29C4800437B63 /* Images.xcassets in Resources */,
			);
			runOnlyForDeploymentPostprocessing = 0;
		};
		494682FD19E29C4800437B63 /* Resources */ = {
			isa = PBXResourcesBuildPhase;
			buildActionMask = 2147483647;
			files = (
			);
			runOnlyForDeploymentPostprocessing = 0;
		};
/* End PBXResourcesBuildPhase section */

/* Begin PBXSourcesBuildPhase section */
		494682DF19E29C4800437B63 /* Sources */ = {
			isa = PBXSourcesBuildPhase;
			buildActionMask = 2147483647;
			files = (
				4903B86D1A9B9F5D006E6FE8 /* XASVenueTableViewCell.m in Sources */,
				4976D8D11ABEF0AE00A7C988 /* XASRangeSlider.m in Sources */,
				49C1D1FF1A38C0E7005A38E4 /* UIImage+Resize.m in Sources */,
				49D607FA1A1FA5D100D33961 /* XASSearchViewController.m in Sources */,
				4957795D1A4B09420038569C /* XASPaddedLabel.m in Sources */,
				4926E99C1A2F52A9006CEEE4 /* XASVenueAnnotation.m in Sources */,
				4976D8D91ABF118D00A7C988 /* XASRangeSliderTrackLayer.m in Sources */,
				496AF5171A233D7000F605F4 /* XASProgressView.m in Sources */,
				498B83B31AC215BE00345399 /* XASVenueOwner.m in Sources */,
				49358F1E19E2EF2700BB3686 /* XASBaseObject.m in Sources */,
				495779691A4B21890038569C /* XASMenuCollectionViewCell.m in Sources */,
				49358F2A19E3048900BB3686 /* XASOpportunity.m in Sources */,
				492FFFB91A1A35B00067C4D9 /* XASProfileBuiderViewController.m in Sources */,
				494682EC19E29C4800437B63 /* AppDelegate.m in Sources */,
				494682E919E29C4800437B63 /* main.m in Sources */,
				494682F219E29C4800437B63 /* ViewController.m in Sources */,
				494682EF19E29C4800437B63 /* ActiveSports.xcdatamodeld in Sources */,
				497CA73819F2E557003F5F0A /* XASOpportunitiesTableViewController.m in Sources */,
				497CA73C19F2EC43003F5F0A /* XASOpportunityTableViewCell.m in Sources */,
				49D57D6F1A264A0900749FA5 /* XASMapViewController.m in Sources */,
				4976D8D51ABEFCFB00A7C988 /* XASRangeSliderKnobLayer.m in Sources */,
				4946831919E2A38C00437B63 /* XASVenue.m in Sources */,
				4946831519E29E9C00437B63 /* XASConnector.m in Sources */,
				49092D8019FD299D0037ACCD /* XASProfileTableViewController.m in Sources */,
				49C963151AA4E55F0087E9CB /* XASSavedSearchesTableViewController.m in Sources */,
				49D931811A0CE90800B17587 /* XASRateViewController.m in Sources */,
				495779611A4B1B800038569C /* XASHomeCollectionViewController.m in Sources */,
				49AAE7AB1A2CB24A00A2562F /* XASTodayHomeViewController.m in Sources */,
				493131661A19128A00B1365A /* XASRoundedView.m in Sources */,
				492FFFBD1A1A3A8E0067C4D9 /* XASActivity.m in Sources */,
				498F16471A77FE8C00875634 /* UIColor+Expanded.m in Sources */,
				49236E411A4B3F4100936449 /* XASPreferenceTableViewCell.m in Sources */,
				49C99FAE1AB4FDB200A9C885 /* XASVenueTableViewController.m in Sources */,
				498F163E1A77FB1200875634 /* Constants.m in Sources */,
				49081A941A05500D00941AC1 /* XASOpportunityViewController.m in Sources */,
				49C1D2031A3A7748005A38E4 /* XASVenueNotice.m in Sources */,
				49948ED81A252560005CC549 /* XASHomeViewController.m in Sources */,
				49808D391A5F554900DC7625 /* XASAboutViewController.m in Sources */,
				4946831119E29D6D00437B63 /* XASRegion.m in Sources */,
				497B8C8B19FD25B500734629 /* XASMenuTableViewController.m in Sources */,
				4931316E1A19660100B1365A /* XASVenuesTableViewController.m in Sources */,
				4931316A1A19270700B1365A /* XASRateView.m in Sources */,
			);
			runOnlyForDeploymentPostprocessing = 0;
		};
		494682FB19E29C4800437B63 /* Sources */ = {
			isa = PBXSourcesBuildPhase;
			buildActionMask = 2147483647;
			files = (
				49C99FAF1AB4FDB200A9C885 /* XASVenueTableViewController.m in Sources */,
				4931316F1A19660100B1365A /* XASVenuesTableViewController.m in Sources */,
				497B8C8C19FD25B500734629 /* XASMenuTableViewController.m in Sources */,
				49948ED91A252560005CC549 /* XASHomeViewController.m in Sources */,
				492FFFBE1A1A3A8E0067C4D9 /* XASActivity.m in Sources */,
				498F163F1A77FB1200875634 /* Constants.m in Sources */,
				49092D8119FD299D0037ACCD /* XASProfileTableViewController.m in Sources */,
				4976D8DA1ABF118D00A7C988 /* XASRangeSliderTrackLayer.m in Sources */,
				4976D8D21ABEF0AE00A7C988 /* XASRangeSlider.m in Sources */,
				496AF5181A233D7000F605F4 /* XASProgressView.m in Sources */,
				49081A951A05500D00941AC1 /* XASOpportunityViewController.m in Sources */,
				498B83B41AC215BE00345399 /* XASVenueOwner.m in Sources */,
				49236E421A4B3F4100936449 /* XASPreferenceTableViewCell.m in Sources */,
				4957796A1A4B21890038569C /* XASMenuCollectionViewCell.m in Sources */,
				495779621A4B1B800038569C /* XASHomeCollectionViewController.m in Sources */,
				49358F1F19E2EF2700BB3686 /* XASBaseObject.m in Sources */,
				4931316B1A19270700B1365A /* XASRateView.m in Sources */,
				4926E99D1A2F52A9006CEEE4 /* XASVenueAnnotation.m in Sources */,
				4946831A19E2A38C00437B63 /* XASVenue.m in Sources */,
				4946831219E29D6D00437B63 /* XASRegion.m in Sources */,
				49358F2B19E3048900BB3686 /* XASOpportunity.m in Sources */,
				49D607FB1A1FA5D100D33961 /* XASSearchViewController.m in Sources */,
				4946831619E29E9C00437B63 /* XASConnector.m in Sources */,
				49D931821A0CE90800B17587 /* XASRateViewController.m in Sources */,
				49808D3A1A5F554900DC7625 /* XASAboutViewController.m in Sources */,
				4946830619E29C4800437B63 /* ActiveSportsTests.m in Sources */,
				49C963161AA4E55F0087E9CB /* XASSavedSearchesTableViewController.m in Sources */,
				4957795E1A4B09420038569C /* XASPaddedLabel.m in Sources */,
				49D57D701A264A0900749FA5 /* XASMapViewController.m in Sources */,
				4976D8D61ABEFCFB00A7C988 /* XASRangeSliderKnobLayer.m in Sources */,
				493131671A19128A00B1365A /* XASRoundedView.m in Sources */,
				497CA73D19F2EC43003F5F0A /* XASOpportunityTableViewCell.m in Sources */,
				492FFFBA1A1A35B00067C4D9 /* XASProfileBuiderViewController.m in Sources */,
				49AAE7AC1A2CB24A00A2562F /* XASTodayHomeViewController.m in Sources */,
				49C1D2001A38C0E7005A38E4 /* UIImage+Resize.m in Sources */,
				49C1D2041A3A7748005A38E4 /* XASVenueNotice.m in Sources */,
				4903B86E1A9B9F5D006E6FE8 /* XASVenueTableViewCell.m in Sources */,
				498F16481A77FE8C00875634 /* UIColor+Expanded.m in Sources */,
				497CA73919F2E557003F5F0A /* XASOpportunitiesTableViewController.m in Sources */,
			);
			runOnlyForDeploymentPostprocessing = 0;
		};
/* End PBXSourcesBuildPhase section */

/* Begin PBXTargetDependency section */
		4946830119E29C4800437B63 /* PBXTargetDependency */ = {
			isa = PBXTargetDependency;
			target = 494682E219E29C4800437B63 /* ActiveSports */;
			targetProxy = 4946830019E29C4800437B63 /* PBXContainerItemProxy */;
		};
/* End PBXTargetDependency section */

/* Begin PBXVariantGroup section */
		494682F319E29C4800437B63 /* Main.storyboard */ = {
			isa = PBXVariantGroup;
			children = (
				494682F419E29C4800437B63 /* Base */,
			);
			name = Main.storyboard;
			sourceTree = "<group>";
		};
		494682F819E29C4800437B63 /* LaunchScreen.xib */ = {
			isa = PBXVariantGroup;
			children = (
				494682F919E29C4800437B63 /* Base */,
			);
			name = LaunchScreen.xib;
			sourceTree = "<group>";
		};
/* End PBXVariantGroup section */

/* Begin XCBuildConfiguration section */
		4946830719E29C4800437B63 /* Debug */ = {
			isa = XCBuildConfiguration;
			buildSettings = {
				ALWAYS_SEARCH_USER_PATHS = NO;
				CLANG_CXX_LANGUAGE_STANDARD = "gnu++0x";
				CLANG_CXX_LIBRARY = "libc++";
				CLANG_ENABLE_MODULES = YES;
				CLANG_ENABLE_OBJC_ARC = YES;
				CLANG_WARN_BOOL_CONVERSION = YES;
				CLANG_WARN_CONSTANT_CONVERSION = YES;
				CLANG_WARN_DIRECT_OBJC_ISA_USAGE = YES_ERROR;
				CLANG_WARN_EMPTY_BODY = YES;
				CLANG_WARN_ENUM_CONVERSION = YES;
				CLANG_WARN_INT_CONVERSION = YES;
				CLANG_WARN_OBJC_ROOT_CLASS = YES_ERROR;
				CLANG_WARN_UNREACHABLE_CODE = YES;
				CLANG_WARN__DUPLICATE_METHOD_MATCH = YES;
				CODE_SIGN_IDENTITY = "iPhone Developer";
				"CODE_SIGN_IDENTITY[sdk=iphoneos*]" = "iPhone Developer";
				COPY_PHASE_STRIP = NO;
				ENABLE_STRICT_OBJC_MSGSEND = YES;
				GCC_C_LANGUAGE_STANDARD = gnu99;
				GCC_DYNAMIC_NO_PIC = NO;
				GCC_OPTIMIZATION_LEVEL = 0;
				GCC_PREPROCESSOR_DEFINITIONS = (
					"DEBUG=1",
					"$(inherited)",
				);
				GCC_SYMBOLS_PRIVATE_EXTERN = NO;
				GCC_WARN_64_TO_32_BIT_CONVERSION = YES;
				GCC_WARN_ABOUT_RETURN_TYPE = YES_ERROR;
				GCC_WARN_UNDECLARED_SELECTOR = YES;
				GCC_WARN_UNINITIALIZED_AUTOS = YES_AGGRESSIVE;
				GCC_WARN_UNUSED_FUNCTION = YES;
				GCC_WARN_UNUSED_VARIABLE = YES;
				IPHONEOS_DEPLOYMENT_TARGET = 8.0;
				MTL_ENABLE_DEBUG_INFO = YES;
				ONLY_ACTIVE_ARCH = YES;
				SDKROOT = iphoneos;
			};
			name = Debug;
		};
		4946830819E29C4800437B63 /* Release */ = {
			isa = XCBuildConfiguration;
			buildSettings = {
				ALWAYS_SEARCH_USER_PATHS = NO;
				CLANG_CXX_LANGUAGE_STANDARD = "gnu++0x";
				CLANG_CXX_LIBRARY = "libc++";
				CLANG_ENABLE_MODULES = YES;
				CLANG_ENABLE_OBJC_ARC = YES;
				CLANG_WARN_BOOL_CONVERSION = YES;
				CLANG_WARN_CONSTANT_CONVERSION = YES;
				CLANG_WARN_DIRECT_OBJC_ISA_USAGE = YES_ERROR;
				CLANG_WARN_EMPTY_BODY = YES;
				CLANG_WARN_ENUM_CONVERSION = YES;
				CLANG_WARN_INT_CONVERSION = YES;
				CLANG_WARN_OBJC_ROOT_CLASS = YES_ERROR;
				CLANG_WARN_UNREACHABLE_CODE = YES;
				CLANG_WARN__DUPLICATE_METHOD_MATCH = YES;
				CODE_SIGN_IDENTITY = "iPhone Distribution";
				"CODE_SIGN_IDENTITY[sdk=iphoneos*]" = "iPhone Distribution";
				COPY_PHASE_STRIP = YES;
				ENABLE_NS_ASSERTIONS = NO;
				ENABLE_STRICT_OBJC_MSGSEND = YES;
				GCC_C_LANGUAGE_STANDARD = gnu99;
				GCC_WARN_64_TO_32_BIT_CONVERSION = YES;
				GCC_WARN_ABOUT_RETURN_TYPE = YES_ERROR;
				GCC_WARN_UNDECLARED_SELECTOR = YES;
				GCC_WARN_UNINITIALIZED_AUTOS = YES_AGGRESSIVE;
				GCC_WARN_UNUSED_FUNCTION = YES;
				GCC_WARN_UNUSED_VARIABLE = YES;
				IPHONEOS_DEPLOYMENT_TARGET = 8.0;
				MTL_ENABLE_DEBUG_INFO = NO;
				SDKROOT = iphoneos;
				VALIDATE_PRODUCT = YES;
			};
			name = Release;
		};
		4946830A19E29C4800437B63 /* Debug */ = {
			isa = XCBuildConfiguration;
			buildSettings = {
				ASSETCATALOG_COMPILER_APPICON_NAME = AppIcon;
				CODE_SIGN_IDENTITY = "iPhone Developer";
				"CODE_SIGN_IDENTITY[sdk=iphoneos*]" = "iPhone Developer";
				INFOPLIST_FILE = ActiveSports/Info.plist;
				IPHONEOS_DEPLOYMENT_TARGET = 8.0;
				LD_RUNPATH_SEARCH_PATHS = "$(inherited) @executable_path/Frameworks";
				PRODUCT_NAME = "$(TARGET_NAME)";
				PROVISIONING_PROFILE = "";
			};
			name = Debug;
		};
		4946830B19E29C4800437B63 /* Release */ = {
			isa = XCBuildConfiguration;
			buildSettings = {
				ASSETCATALOG_COMPILER_APPICON_NAME = AppIcon;
				CODE_SIGN_IDENTITY = "iPhone Developer";
				"CODE_SIGN_IDENTITY[sdk=iphoneos*]" = "iPhone Developer";
				INFOPLIST_FILE = ActiveSports/Info.plist;
				IPHONEOS_DEPLOYMENT_TARGET = 8.0;
				LD_RUNPATH_SEARCH_PATHS = "$(inherited) @executable_path/Frameworks";
				PRODUCT_NAME = "$(TARGET_NAME)";
				PROVISIONING_PROFILE = "";
			};
			name = Release;
		};
		4946830D19E29C4800437B63 /* Debug */ = {
			isa = XCBuildConfiguration;
			buildSettings = {
				BUNDLE_LOADER = "$(TEST_HOST)";
				FRAMEWORK_SEARCH_PATHS = (
					"$(SDKROOT)/Developer/Library/Frameworks",
					"$(inherited)",
				);
				GCC_PREPROCESSOR_DEFINITIONS = (
					"DEBUG=1",
					"$(inherited)",
				);
				INFOPLIST_FILE = ActiveSportsTests/Info.plist;
				LD_RUNPATH_SEARCH_PATHS = "$(inherited) @executable_path/Frameworks @loader_path/Frameworks";
				PRODUCT_NAME = "$(TARGET_NAME)";
				TEST_HOST = "$(BUILT_PRODUCTS_DIR)/ActiveSports.app/ActiveSports";
			};
			name = Debug;
		};
		4946830E19E29C4800437B63 /* Release */ = {
			isa = XCBuildConfiguration;
			buildSettings = {
				BUNDLE_LOADER = "$(TEST_HOST)";
				FRAMEWORK_SEARCH_PATHS = (
					"$(SDKROOT)/Developer/Library/Frameworks",
					"$(inherited)",
				);
				INFOPLIST_FILE = ActiveSportsTests/Info.plist;
				LD_RUNPATH_SEARCH_PATHS = "$(inherited) @executable_path/Frameworks @loader_path/Frameworks";
				PRODUCT_NAME = "$(TARGET_NAME)";
				TEST_HOST = "$(BUILT_PRODUCTS_DIR)/ActiveSports.app/ActiveSports";
			};
			name = Release;
		};
/* End XCBuildConfiguration section */

/* Begin XCConfigurationList section */
		494682DE19E29C4800437B63 /* Build configuration list for PBXProject "ActiveSports" */ = {
			isa = XCConfigurationList;
			buildConfigurations = (
				4946830719E29C4800437B63 /* Debug */,
				4946830819E29C4800437B63 /* Release */,
			);
			defaultConfigurationIsVisible = 0;
			defaultConfigurationName = Release;
		};
		4946830919E29C4800437B63 /* Build configuration list for PBXNativeTarget "ActiveSports" */ = {
			isa = XCConfigurationList;
			buildConfigurations = (
				4946830A19E29C4800437B63 /* Debug */,
				4946830B19E29C4800437B63 /* Release */,
			);
			defaultConfigurationIsVisible = 0;
			defaultConfigurationName = Release;
		};
		4946830C19E29C4800437B63 /* Build configuration list for PBXNativeTarget "ActiveSportsTests" */ = {
			isa = XCConfigurationList;
			buildConfigurations = (
				4946830D19E29C4800437B63 /* Debug */,
				4946830E19E29C4800437B63 /* Release */,
			);
			defaultConfigurationIsVisible = 0;
			defaultConfigurationName = Release;
		};
/* End XCConfigurationList section */

/* Begin XCVersionGroup section */
		494682ED19E29C4800437B63 /* ActiveSports.xcdatamodeld */ = {
			isa = XCVersionGroup;
			children = (
				494682EE19E29C4800437B63 /* ActiveSports.xcdatamodel */,
			);
			currentVersion = 494682EE19E29C4800437B63 /* ActiveSports.xcdatamodel */;
			path = ActiveSports.xcdatamodeld;
			sourceTree = "<group>";
			versionGroupType = wrapper.xcdatamodel;
		};
/* End XCVersionGroup section */
	};
	rootObject = 494682DB19E29C4800437B63 /* Project object */;
}
